// !$*UTF8*$!
{
	archiveVersion = 1;
	classes = {
	};
	objectVersion = 56;
	objects = {

/* Begin PBXBuildFile section */
		4F0AC29B2CA1753900E71D65 /* ForbiddenWords.swift in Sources */ = {isa = PBXBuildFile; fileRef = 4F0AC29A2CA1753900E71D65 /* ForbiddenWords.swift */; };
		4F1E88652C8E89CD00F09A36 /* AcceptRequestController.swift in Sources */ = {isa = PBXBuildFile; fileRef = 4F1E88642C8E89CD00F09A36 /* AcceptRequestController.swift */; };
		4F1E88682C8E99B300F09A36 /* AcceptRequestViewModel.swift in Sources */ = {isa = PBXBuildFile; fileRef = 4F1E88672C8E99B300F09A36 /* AcceptRequestViewModel.swift */; };
		4F4877CD2C9C2A2E0060C1B7 /* QandACell.swift in Sources */ = {isa = PBXBuildFile; fileRef = 4F4877CC2C9C2A2E0060C1B7 /* QandACell.swift */; };
		4F4877CF2C9C2D6B0060C1B7 /* ReadAnswerViewModel.swift in Sources */ = {isa = PBXBuildFile; fileRef = 4F4877CE2C9C2D6B0060C1B7 /* ReadAnswerViewModel.swift */; };
		4F4877D12C9D359E0060C1B7 /* ReputationReviewView.swift in Sources */ = {isa = PBXBuildFile; fileRef = 4F4877D02C9D359E0060C1B7 /* ReputationReviewView.swift */; };
		4F4EDB262C958B9E00BFF74F /* ReadAnserController.swift in Sources */ = {isa = PBXBuildFile; fileRef = 4F4EDB252C958B9E00BFF74F /* ReadAnserController.swift */; };
		4F4EDB282C958BA700BFF74F /* ReadAnswerView.swift in Sources */ = {isa = PBXBuildFile; fileRef = 4F4EDB272C958BA700BFF74F /* ReadAnswerView.swift */; };
		4F4EDB2A2C997DAA00BFF74F /* AnswerListController.swift in Sources */ = {isa = PBXBuildFile; fileRef = 4F4EDB292C997DAA00BFF74F /* AnswerListController.swift */; };
		4F4EDB2C2C997DB700BFF74F /* AnswerListView.swift in Sources */ = {isa = PBXBuildFile; fileRef = 4F4EDB2B2C997DB700BFF74F /* AnswerListView.swift */; };
		4F4EDB2E2C9B9A9600BFF74F /* AnswerListCell.swift in Sources */ = {isa = PBXBuildFile; fileRef = 4F4EDB2D2C9B9A9600BFF74F /* AnswerListCell.swift */; };
		4F63D6E12C870C7800B0F65C /* SceneDelegate.swift in Sources */ = {isa = PBXBuildFile; fileRef = 4F63D6E02C870C7800B0F65C /* SceneDelegate.swift */; };
		4F63D7212C8A8CF500B0F65C /* ReputaionController.swift in Sources */ = {isa = PBXBuildFile; fileRef = 4F63D7202C8A8CF500B0F65C /* ReputaionController.swift */; };
		4F63D7232C8A8D5F00B0F65C /* ReputationView.swift in Sources */ = {isa = PBXBuildFile; fileRef = 4F63D7222C8A8D5F00B0F65C /* ReputationView.swift */; };
		4F63D7252C8A912700B0F65C /* MyRequestsCell.swift in Sources */ = {isa = PBXBuildFile; fileRef = 4F63D7242C8A912700B0F65C /* MyRequestsCell.swift */; };
		4F63D7272C8A913E00B0F65C /* ReceivedRequestCell.swift in Sources */ = {isa = PBXBuildFile; fileRef = 4F63D7262C8A913E00B0F65C /* ReceivedRequestCell.swift */; };
		4F63D7292C8A917000B0F65C /* FriendRequestCell.swift in Sources */ = {isa = PBXBuildFile; fileRef = 4F63D7282C8A917000B0F65C /* FriendRequestCell.swift */; };
		4F63D72B2C8A935B00B0F65C /* ReputaionSectionHeaderView.swift in Sources */ = {isa = PBXBuildFile; fileRef = 4F63D72A2C8A935B00B0F65C /* ReputaionSectionHeaderView.swift */; };
		4F83D31B2C7F14830076AE2A /* RequiredInformationController.swift in Sources */ = {isa = PBXBuildFile; fileRef = 4F83D31A2C7F14830076AE2A /* RequiredInformationController.swift */; };
		4F83D31D2C7F14A60076AE2A /* RequiredInformationView.swift in Sources */ = {isa = PBXBuildFile; fileRef = 4F83D31C2C7F14A60076AE2A /* RequiredInformationView.swift */; };
		4F83D3222C80CCD40076AE2A /* Then in Frameworks */ = {isa = PBXBuildFile; productRef = 4F83D3212C80CCD40076AE2A /* Then */; };
		4F83D3242C80D9F60076AE2A /* RequiredInformaitionViewModel.swift in Sources */ = {isa = PBXBuildFile; fileRef = 4F83D3232C80D9F60076AE2A /* RequiredInformaitionViewModel.swift */; };
		4F83D3262C80DA360076AE2A /* LoginViewModel.swift in Sources */ = {isa = PBXBuildFile; fileRef = 4F83D3252C80DA360076AE2A /* LoginViewModel.swift */; };
		4F83D3282C841D160076AE2A /* MatnamanaLaunchScreen.storyboard in Resources */ = {isa = PBXBuildFile; fileRef = 4F83D3272C841D160076AE2A /* MatnamanaLaunchScreen.storyboard */; };
		4F83D32C2C8554BA0076AE2A /* HomeView.swift in Sources */ = {isa = PBXBuildFile; fileRef = 4F83D32B2C8554BA0076AE2A /* HomeView.swift */; };
		4F83D32E2C8554C50076AE2A /* HomeController.swift in Sources */ = {isa = PBXBuildFile; fileRef = 4F83D32D2C8554C50076AE2A /* HomeController.swift */; };
		4F83D3302C8556570076AE2A /* FriendReputationRequestCell.swift in Sources */ = {isa = PBXBuildFile; fileRef = 4F83D32F2C8556570076AE2A /* FriendReputationRequestCell.swift */; };
		4F83D3322C8559470076AE2A /* SectionHeaderView.swift in Sources */ = {isa = PBXBuildFile; fileRef = 4F83D3312C8559470076AE2A /* SectionHeaderView.swift */; };
		4F83D3352C85763D0076AE2A /* RxDataSources in Frameworks */ = {isa = PBXBuildFile; productRef = 4F83D3342C85763D0076AE2A /* RxDataSources */; };
		4F83D3372C8576770076AE2A /* SectionModel.swift in Sources */ = {isa = PBXBuildFile; fileRef = 4F83D3362C8576770076AE2A /* SectionModel.swift */; };
		4F83D33D2C85A0E80076AE2A /* KakaoSDKAuth in Frameworks */ = {isa = PBXBuildFile; productRef = 4F83D33C2C85A0E80076AE2A /* KakaoSDKAuth */; };
		4F83D33F2C85A27D0076AE2A /* KakaoSDK in Frameworks */ = {isa = PBXBuildFile; productRef = 4F83D33E2C85A27D0076AE2A /* KakaoSDK */; };
		4F83D3412C85A4680076AE2A /* KakaoLoginService.swift in Sources */ = {isa = PBXBuildFile; fileRef = 4F83D3402C85A4680076AE2A /* KakaoLoginService.swift */; };
		4FDF00162C91AE5B000B7873 /* DefalutCell.swift in Sources */ = {isa = PBXBuildFile; fileRef = 4FDF00152C91AE5B000B7873 /* DefalutCell.swift */; };
		4FDF00182C92704E000B7873 /* ReplyController.swift in Sources */ = {isa = PBXBuildFile; fileRef = 4FDF00172C92704E000B7873 /* ReplyController.swift */; };
		4FDF001A2C9270D8000B7873 /* AnswerController.swift in Sources */ = {isa = PBXBuildFile; fileRef = 4FDF00192C9270D8000B7873 /* AnswerController.swift */; };
		4FDF001C2C927270000B7873 /* ReplyView.swift in Sources */ = {isa = PBXBuildFile; fileRef = 4FDF001B2C927270000B7873 /* ReplyView.swift */; };
		4FDF001E2C927B34000B7873 /* AnswerView.swift in Sources */ = {isa = PBXBuildFile; fileRef = 4FDF001D2C927B34000B7873 /* AnswerView.swift */; };
		4FDF00202C927F88000B7873 /* ReplyViewModel.swift in Sources */ = {isa = PBXBuildFile; fileRef = 4FDF001F2C927F88000B7873 /* ReplyViewModel.swift */; };
		4FEB36952C7EC9240066998E /* LoginView.swift in Sources */ = {isa = PBXBuildFile; fileRef = 4FEB36942C7EC9240066998E /* LoginView.swift */; };
		4FEB36982C7F07120066998E /* AppleLoginService.swift in Sources */ = {isa = PBXBuildFile; fileRef = 4FEB36972C7F07120066998E /* AppleLoginService.swift */; };
		4FFD99B92C9BC6B90029B643 /* AnswerListViewModel.swift in Sources */ = {isa = PBXBuildFile; fileRef = 4FFD99B82C9BC6B90029B643 /* AnswerListViewModel.swift */; };
		DA3A55F72C7F144500459343 /* ProfileViewModel.swift in Sources */ = {isa = PBXBuildFile; fileRef = DA3A55F62C7F144500459343 /* ProfileViewModel.swift */; };
		DA3A55F92C802EA800459343 /* FirebaseStorage in Frameworks */ = {isa = PBXBuildFile; productRef = DA3A55F82C802EA800459343 /* FirebaseStorage */; };
		DA3A55FB2C802EA800459343 /* FirebaseStorageCombine-Community in Frameworks */ = {isa = PBXBuildFile; productRef = DA3A55FA2C802EA800459343 /* FirebaseStorageCombine-Community */; };
		DA3A55FF2C81C1EE00459343 /* ProfileEditView.swift in Sources */ = {isa = PBXBuildFile; fileRef = DA3A55FE2C81C1EE00459343 /* ProfileEditView.swift */; };
		DA3A56012C84B95100459343 /* ProfileEditViewModel.swift in Sources */ = {isa = PBXBuildFile; fileRef = DA3A56002C84B95100459343 /* ProfileEditViewModel.swift */; };
		DA3A56062C85565B00459343 /* ProfileEditViewController.swift in Sources */ = {isa = PBXBuildFile; fileRef = DA3A56052C85565B00459343 /* ProfileEditViewController.swift */; };
		DA3A560A2C855BC400459343 /* ProfileUIView.swift in Sources */ = {isa = PBXBuildFile; fileRef = DA3A56092C855BC400459343 /* ProfileUIView.swift */; };
		DA3A560C2C868BA700459343 /* ProfileTableViewController.swift in Sources */ = {isa = PBXBuildFile; fileRef = DA3A560B2C868BA700459343 /* ProfileTableViewController.swift */; };
		DA3A560E2C868BCC00459343 /* profileEditCell.swift in Sources */ = {isa = PBXBuildFile; fileRef = DA3A560D2C868BCC00459343 /* profileEditCell.swift */; };
		DA3A56102C881AF900459343 /* RxKeyboard in Frameworks */ = {isa = PBXBuildFile; productRef = DA3A560F2C881AF900459343 /* RxKeyboard */; };
		DA3A56132C8A967C00459343 /* TTest.swift in Sources */ = {isa = PBXBuildFile; fileRef = DA3A56122C8A967B00459343 /* TTest.swift */; };
		DA59CFE02C93F0490052D050 /* MyPageView.swift in Sources */ = {isa = PBXBuildFile; fileRef = DA59CFDF2C93F0490052D050 /* MyPageView.swift */; };
		DA59CFE22C93F06F0052D050 /* myPageController.swift in Sources */ = {isa = PBXBuildFile; fileRef = DA59CFE12C93F06F0052D050 /* myPageController.swift */; };
		DA59CFE42C93F0840052D050 /* myPageCell.swift in Sources */ = {isa = PBXBuildFile; fileRef = DA59CFE32C93F0840052D050 /* myPageCell.swift */; };
		DA59CFE72C93F6A60052D050 /* myPageViewModel.swift in Sources */ = {isa = PBXBuildFile; fileRef = DA59CFE62C93F6A60052D050 /* myPageViewModel.swift */; };
		DA59CFE92C9BAE9F0052D050 /* MyPageInfoView.swift in Sources */ = {isa = PBXBuildFile; fileRef = DA59CFE82C9BAE9F0052D050 /* MyPageInfoView.swift */; };
		DA59CFEB2C9BAED80052D050 /* MyPageInfoController.swift in Sources */ = {isa = PBXBuildFile; fileRef = DA59CFEA2C9BAED80052D050 /* MyPageInfoController.swift */; };
		DA59CFED2C9BAF630052D050 /* MypageInfoCell.swift in Sources */ = {isa = PBXBuildFile; fileRef = DA59CFEC2C9BAF630052D050 /* MypageInfoCell.swift */; };
		DAF0843D2CAB3E900039D2A3 /* FirebaseMessaging in Frameworks */ = {isa = PBXBuildFile; productRef = DAF0843C2CAB3E900039D2A3 /* FirebaseMessaging */; };
		DAF0843F2CAB72AE0039D2A3 /* FirebaseFcmManger.swift in Sources */ = {isa = PBXBuildFile; fileRef = DAF0843E2CAB72AE0039D2A3 /* FirebaseFcmManger.swift */; };
		DD0CE9E42C92CD5D008B5A68 /* CustomQuestionController.swift in Sources */ = {isa = PBXBuildFile; fileRef = DD0CE9E32C92CD5D008B5A68 /* CustomQuestionController.swift */; };
		DD0CE9E62C92D55E008B5A68 /* CustomQuestionView.swift in Sources */ = {isa = PBXBuildFile; fileRef = DD0CE9E52C92D55E008B5A68 /* CustomQuestionView.swift */; };
		DD0CE9E82C933091008B5A68 /* BannerCell.swift in Sources */ = {isa = PBXBuildFile; fileRef = DD0CE9E72C933091008B5A68 /* BannerCell.swift */; };
		DD0CE9EA2C9330A1008B5A68 /* QuestionCell.swift in Sources */ = {isa = PBXBuildFile; fileRef = DD0CE9E92C9330A1008B5A68 /* QuestionCell.swift */; };
		DD0CE9EC2C9330AE008B5A68 /* CustomQuestionCell.swift in Sources */ = {isa = PBXBuildFile; fileRef = DD0CE9EB2C9330AE008B5A68 /* CustomQuestionCell.swift */; };
		DD0CE9EE2C935838008B5A68 /* HeaderView.swift in Sources */ = {isa = PBXBuildFile; fileRef = DD0CE9ED2C935838008B5A68 /* HeaderView.swift */; };
		DD9470EE2C882F68009BF95E /* BaseViewController.swift in Sources */ = {isa = PBXBuildFile; fileRef = DD9470ED2C882F68009BF95E /* BaseViewController.swift */; };
		DD9470F02C885D8B009BF95E /* Protocol.swift in Sources */ = {isa = PBXBuildFile; fileRef = DD9470EF2C885D8B009BF95E /* Protocol.swift */; };
		DD9470F62C898FD6009BF95E /* TotalQuestionViewModel.swift in Sources */ = {isa = PBXBuildFile; fileRef = DD9470F52C898FD6009BF95E /* TotalQuestionViewModel.swift */; };
		DD9470F92C899058009BF95E /* QuestionListCell.swift in Sources */ = {isa = PBXBuildFile; fileRef = DD9470F72C899057009BF95E /* QuestionListCell.swift */; };
		DD9470FA2C899058009BF95E /* TotalQuestionView.swift in Sources */ = {isa = PBXBuildFile; fileRef = DD9470F82C899057009BF95E /* TotalQuestionView.swift */; };
		DD9470FC2C8A82D9009BF95E /* ReferenceCheckController.swift in Sources */ = {isa = PBXBuildFile; fileRef = DD9470FB2C8A82D9009BF95E /* ReferenceCheckController.swift */; };
		DD9470FE2C8A834D009BF95E /* ReferenceView.swift in Sources */ = {isa = PBXBuildFile; fileRef = DD9470FD2C8A834D009BF95E /* ReferenceView.swift */; };
		DD9471002C8A89D6009BF95E /* BaseView.swift in Sources */ = {isa = PBXBuildFile; fileRef = DD9470FF2C8A89D6009BF95E /* BaseView.swift */; };
		DD9471032C8A96D1009BF95E /* ReferenceViewModel.swift in Sources */ = {isa = PBXBuildFile; fileRef = DD9471022C8A96D1009BF95E /* ReferenceViewModel.swift */; };
		DD9471072C8C4383009BF95E /* MainQuestionView.swift in Sources */ = {isa = PBXBuildFile; fileRef = DD9471062C8C4383009BF95E /* MainQuestionView.swift */; };
		DD94710D2C8C49C3009BF95E /* MainQuestionViewModel.swift in Sources */ = {isa = PBXBuildFile; fileRef = DD94710C2C8C49C3009BF95E /* MainQuestionViewModel.swift */; };
		DD94710F2C8C5F50009BF95E /* TypeQuestionController.swift in Sources */ = {isa = PBXBuildFile; fileRef = DD94710E2C8C5F50009BF95E /* TypeQuestionController.swift */; };
		DD9471112C8C5F7B009BF95E /* TypeQuestionView.swift in Sources */ = {isa = PBXBuildFile; fileRef = DD9471102C8C5F7B009BF95E /* TypeQuestionView.swift */; };
		DD9471132C8C8D48009BF95E /* TypeQuestionViewModel.swift in Sources */ = {isa = PBXBuildFile; fileRef = DD9471122C8C8D48009BF95E /* TypeQuestionViewModel.swift */; };
		DD94711C2C8D7522009BF95E /* ReputaionViewModel.swift in Sources */ = {isa = PBXBuildFile; fileRef = DD94711B2C8D7522009BF95E /* ReputaionViewModel.swift */; };
		DD94711D2C8D781C009BF95E /* MainQuestionController.swift in Sources */ = {isa = PBXBuildFile; fileRef = DD9471042C8C4379009BF95E /* MainQuestionController.swift */; };
		DDCF923A2C7854E8005DB62F /* MainPageController.swift in Sources */ = {isa = PBXBuildFile; fileRef = DDCF92392C7854E8005DB62F /* MainPageController.swift */; };
		DDCF923C2C78552C005DB62F /* ProfileController.swift in Sources */ = {isa = PBXBuildFile; fileRef = DDCF923B2C78552C005DB62F /* ProfileController.swift */; };
		DDCF923E2C78554B005DB62F /* TotalQuestionController.swift in Sources */ = {isa = PBXBuildFile; fileRef = DDCF923D2C78554B005DB62F /* TotalQuestionController.swift */; };
		DDCF92402C78556C005DB62F /* FriendListController.swift in Sources */ = {isa = PBXBuildFile; fileRef = DDCF923F2C78556C005DB62F /* FriendListController.swift */; };
		DDCF92422C78557D005DB62F /* LoginController.swift in Sources */ = {isa = PBXBuildFile; fileRef = DDCF92412C78557D005DB62F /* LoginController.swift */; };
		DDCF92462C785837005DB62F /* SnapKit in Frameworks */ = {isa = PBXBuildFile; productRef = DDCF92452C785837005DB62F /* SnapKit */; };
		DDCF92492C78583D005DB62F /* RxCocoa in Frameworks */ = {isa = PBXBuildFile; productRef = DDCF92482C78583D005DB62F /* RxCocoa */; };
		DDCF924B2C785841005DB62F /* RxSwift in Frameworks */ = {isa = PBXBuildFile; productRef = DDCF924A2C785841005DB62F /* RxSwift */; };
		DDCF924D2C785846005DB62F /* RxRelay in Frameworks */ = {isa = PBXBuildFile; productRef = DDCF924C2C785846005DB62F /* RxRelay */; };
		DDCF92502C785884005DB62F /* Kingfisher in Frameworks */ = {isa = PBXBuildFile; productRef = DDCF924F2C785884005DB62F /* Kingfisher */; };
		DDCF92BF2C7C7F8E005DB62F /* FirebaseAuth in Frameworks */ = {isa = PBXBuildFile; productRef = DDCF92BE2C7C7F8E005DB62F /* FirebaseAuth */; };
		DDCF92C12C7C7F8E005DB62F /* FirebaseFirestore in Frameworks */ = {isa = PBXBuildFile; productRef = DDCF92C02C7C7F8E005DB62F /* FirebaseFirestore */; };
		DDCF92C32C7C7FA9005DB62F /* FirebaseFirestoreCombine-Community in Frameworks */ = {isa = PBXBuildFile; productRef = DDCF92C22C7C7FA9005DB62F /* FirebaseFirestoreCombine-Community */; };
		DDCF92C52C7C7FB3005DB62F /* FirebaseAuthCombine-Community in Frameworks */ = {isa = PBXBuildFile; productRef = DDCF92C42C7C7FB3005DB62F /* FirebaseAuthCombine-Community */; };
		DDCF93212C7D8C6D005DB62F /* UserModel.swift in Sources */ = {isa = PBXBuildFile; fileRef = DDCF93202C7D8C6D005DB62F /* UserModel.swift */; };
		DDCF93232C7D8C8B005DB62F /* QuestionModel.swift in Sources */ = {isa = PBXBuildFile; fileRef = DDCF93222C7D8C8B005DB62F /* QuestionModel.swift */; };
		DDCF93252C7DA8A0005DB62F /* GoogleService-Info.plist in Resources */ = {isa = PBXBuildFile; fileRef = DDCF93242C7DA8A0005DB62F /* GoogleService-Info.plist */; };
		DDCF93272C7DD3AA005DB62F /* MainPageView.swift in Sources */ = {isa = PBXBuildFile; fileRef = DDCF93262C7DD3AA005DB62F /* MainPageView.swift */; };
		DDCF93292C7E09ED005DB62F /* FriendListView.swift in Sources */ = {isa = PBXBuildFile; fileRef = DDCF93282C7E09ED005DB62F /* FriendListView.swift */; };
		DDCF932B2C7E0D3D005DB62F /* FriendListCell.swift in Sources */ = {isa = PBXBuildFile; fileRef = DDCF932A2C7E0D3D005DB62F /* FriendListCell.swift */; };
		DDCF932D2C7E2163005DB62F /* FriendListViewModel.swift in Sources */ = {isa = PBXBuildFile; fileRef = DDCF932C2C7E2163005DB62F /* FriendListViewModel.swift */; };
		DDCF93362C7EEE33005DB62F /* FirebaseManager.swift in Sources */ = {isa = PBXBuildFile; fileRef = DDCF93352C7EEE33005DB62F /* FirebaseManager.swift */; };
		DDE043552C773E3500DA099A /* AppDelegate.swift in Sources */ = {isa = PBXBuildFile; fileRef = DDE043542C773E3500DA099A /* AppDelegate.swift */; };
		DDE043592C773E3500DA099A /* TabBarController.swift in Sources */ = {isa = PBXBuildFile; fileRef = DDE043582C773E3500DA099A /* TabBarController.swift */; };
		DDE0435C2C773E3500DA099A /* matnamana.xcdatamodeld in Sources */ = {isa = PBXBuildFile; fileRef = DDE0435A2C773E3500DA099A /* matnamana.xcdatamodeld */; };
		DDE0435E2C773E3700DA099A /* Assets.xcassets in Resources */ = {isa = PBXBuildFile; fileRef = DDE0435D2C773E3700DA099A /* Assets.xcassets */; };
		DDE0436C2C773E3700DA099A /* matnamanaTests.swift in Sources */ = {isa = PBXBuildFile; fileRef = DDE0436B2C773E3700DA099A /* matnamanaTests.swift */; };
		DDE043762C773E3700DA099A /* matnamanaUITests.swift in Sources */ = {isa = PBXBuildFile; fileRef = DDE043752C773E3700DA099A /* matnamanaUITests.swift */; };
		DDE043782C773E3700DA099A /* matnamanaUITestsLaunchTests.swift in Sources */ = {isa = PBXBuildFile; fileRef = DDE043772C773E3700DA099A /* matnamanaUITestsLaunchTests.swift */; };
		DDE309062C997B3A003ED62D /* CustomQuestionViewModel.swift in Sources */ = {isa = PBXBuildFile; fileRef = DDE309052C997B3A003ED62D /* CustomQuestionViewModel.swift */; };
		DDE3090C2C9BCBA6003ED62D /* AddNewQuestionCell.swift in Sources */ = {isa = PBXBuildFile; fileRef = DDE3090B2C9BCBA6003ED62D /* AddNewQuestionCell.swift */; };
		DDE3090E2C9CAA77003ED62D /* RequestMyQuestionController.swift in Sources */ = {isa = PBXBuildFile; fileRef = DDE3090D2C9CAA77003ED62D /* RequestMyQuestionController.swift */; };
		DDE309102C9CAA8A003ED62D /* RequestMyQuestionView.swift in Sources */ = {isa = PBXBuildFile; fileRef = DDE3090F2C9CAA8A003ED62D /* RequestMyQuestionView.swift */; };
		DDE309122C9CB54F003ED62D /* RequestMyQuestionViewModel.swift in Sources */ = {isa = PBXBuildFile; fileRef = DDE309112C9CB54F003ED62D /* RequestMyQuestionViewModel.swift */; };
		DDE309142C9CC40E003ED62D /* RequestMyQuestionCell.swift in Sources */ = {isa = PBXBuildFile; fileRef = DDE309132C9CC40E003ED62D /* RequestMyQuestionCell.swift */; };
		DDE309162C9CCD0F003ED62D /* AddPresetCell.swift in Sources */ = {isa = PBXBuildFile; fileRef = DDE309152C9CCD0F003ED62D /* AddPresetCell.swift */; };
		DDE309182C9D0949003ED62D /* ReputationListCell.swift in Sources */ = {isa = PBXBuildFile; fileRef = DDE309172C9D0948003ED62D /* ReputationListCell.swift */; };
		DDF2A01A2C8031EE001B1DB7 /* ProfileViewController.swift in Sources */ = {isa = PBXBuildFile; fileRef = DDF2A0192C8031ED001B1DB7 /* ProfileViewController.swift */; };
		DDF2A01C2C8031F8001B1DB7 /* ProfileView.swift in Sources */ = {isa = PBXBuildFile; fileRef = DDF2A01B2C8031F8001B1DB7 /* ProfileView.swift */; };
		DDF2A01E2C8034A1001B1DB7 /* UIExtensions.swift in Sources */ = {isa = PBXBuildFile; fileRef = DDF2A01D2C8034A1001B1DB7 /* UIExtensions.swift */; };
		DDF2A0202C80A072001B1DB7 /* AnswerModel.swift in Sources */ = {isa = PBXBuildFile; fileRef = DDF2A01F2C80A072001B1DB7 /* AnswerModel.swift */; };
		DDF2A0222C80A084001B1DB7 /* ReputationModel.swift in Sources */ = {isa = PBXBuildFile; fileRef = DDF2A0212C80A084001B1DB7 /* ReputationModel.swift */; };
		DDF2A0272C842978001B1DB7 /* UserProfileViewModel.swift in Sources */ = {isa = PBXBuildFile; fileRef = DDF2A0262C842978001B1DB7 /* UserProfileViewModel.swift */; };
		DDF2A0292C843986001B1DB7 /* AddFriendViewController.swift in Sources */ = {isa = PBXBuildFile; fileRef = DDF2A0282C843986001B1DB7 /* AddFriendViewController.swift */; };
		DDF2A02B2C843CF8001B1DB7 /* AddFriendView.swift in Sources */ = {isa = PBXBuildFile; fileRef = DDF2A02A2C843CF8001B1DB7 /* AddFriendView.swift */; };
		DDF2A02D2C846927001B1DB7 /* AddFriendViewModel.swift in Sources */ = {isa = PBXBuildFile; fileRef = DDF2A02C2C846927001B1DB7 /* AddFriendViewModel.swift */; };
		DDF2A0302C84B35D001B1DB7 /* Then in Frameworks */ = {isa = PBXBuildFile; productRef = DDF2A02F2C84B35D001B1DB7 /* Then */; };
/* End PBXBuildFile section */

/* Begin PBXContainerItemProxy section */
		DDE043682C773E3700DA099A /* PBXContainerItemProxy */ = {
			isa = PBXContainerItemProxy;
			containerPortal = DDE043492C773E3500DA099A /* Project object */;
			proxyType = 1;
			remoteGlobalIDString = DDE043502C773E3500DA099A;
			remoteInfo = matnamana;
		};
		DDE043722C773E3700DA099A /* PBXContainerItemProxy */ = {
			isa = PBXContainerItemProxy;
			containerPortal = DDE043492C773E3500DA099A /* Project object */;
			proxyType = 1;
			remoteGlobalIDString = DDE043502C773E3500DA099A;
			remoteInfo = matnamana;
		};
/* End PBXContainerItemProxy section */

/* Begin PBXFileReference section */
		4F0AC29A2CA1753900E71D65 /* ForbiddenWords.swift */ = {isa = PBXFileReference; lastKnownFileType = sourcecode.swift; path = ForbiddenWords.swift; sourceTree = "<group>"; };
		4F1E885F2C8BEE1700F09A36 /* ReputaionViewModel.swift */ = {isa = PBXFileReference; lastKnownFileType = sourcecode.swift; path = ReputaionViewModel.swift; sourceTree = "<group>"; };
		4F1E88642C8E89CD00F09A36 /* AcceptRequestController.swift */ = {isa = PBXFileReference; lastKnownFileType = sourcecode.swift; path = AcceptRequestController.swift; sourceTree = "<group>"; };
		4F1E88672C8E99B300F09A36 /* AcceptRequestViewModel.swift */ = {isa = PBXFileReference; lastKnownFileType = sourcecode.swift; path = AcceptRequestViewModel.swift; sourceTree = "<group>"; };
		4F4877CC2C9C2A2E0060C1B7 /* QandACell.swift */ = {isa = PBXFileReference; lastKnownFileType = sourcecode.swift; path = QandACell.swift; sourceTree = "<group>"; };
		4F4877CE2C9C2D6B0060C1B7 /* ReadAnswerViewModel.swift */ = {isa = PBXFileReference; lastKnownFileType = sourcecode.swift; path = ReadAnswerViewModel.swift; sourceTree = "<group>"; };
		4F4877D02C9D359E0060C1B7 /* ReputationReviewView.swift */ = {isa = PBXFileReference; lastKnownFileType = sourcecode.swift; path = ReputationReviewView.swift; sourceTree = "<group>"; };
		4F4EDB252C958B9E00BFF74F /* ReadAnserController.swift */ = {isa = PBXFileReference; lastKnownFileType = sourcecode.swift; path = ReadAnserController.swift; sourceTree = "<group>"; };
		4F4EDB272C958BA700BFF74F /* ReadAnswerView.swift */ = {isa = PBXFileReference; lastKnownFileType = sourcecode.swift; path = ReadAnswerView.swift; sourceTree = "<group>"; };
		4F4EDB292C997DAA00BFF74F /* AnswerListController.swift */ = {isa = PBXFileReference; lastKnownFileType = sourcecode.swift; path = AnswerListController.swift; sourceTree = "<group>"; };
		4F4EDB2B2C997DB700BFF74F /* AnswerListView.swift */ = {isa = PBXFileReference; lastKnownFileType = sourcecode.swift; path = AnswerListView.swift; sourceTree = "<group>"; };
		4F4EDB2D2C9B9A9600BFF74F /* AnswerListCell.swift */ = {isa = PBXFileReference; lastKnownFileType = sourcecode.swift; path = AnswerListCell.swift; sourceTree = "<group>"; };
		4F63D6E02C870C7800B0F65C /* SceneDelegate.swift */ = {isa = PBXFileReference; lastKnownFileType = sourcecode.swift; path = SceneDelegate.swift; sourceTree = "<group>"; };
		4F63D7202C8A8CF500B0F65C /* ReputaionController.swift */ = {isa = PBXFileReference; lastKnownFileType = sourcecode.swift; path = ReputaionController.swift; sourceTree = "<group>"; };
		4F63D7222C8A8D5F00B0F65C /* ReputationView.swift */ = {isa = PBXFileReference; lastKnownFileType = sourcecode.swift; path = ReputationView.swift; sourceTree = "<group>"; };
		4F63D7242C8A912700B0F65C /* MyRequestsCell.swift */ = {isa = PBXFileReference; lastKnownFileType = sourcecode.swift; path = MyRequestsCell.swift; sourceTree = "<group>"; };
		4F63D7262C8A913E00B0F65C /* ReceivedRequestCell.swift */ = {isa = PBXFileReference; lastKnownFileType = sourcecode.swift; path = ReceivedRequestCell.swift; sourceTree = "<group>"; };
		4F63D7282C8A917000B0F65C /* FriendRequestCell.swift */ = {isa = PBXFileReference; lastKnownFileType = sourcecode.swift; path = FriendRequestCell.swift; sourceTree = "<group>"; };
		4F63D72A2C8A935B00B0F65C /* ReputaionSectionHeaderView.swift */ = {isa = PBXFileReference; lastKnownFileType = sourcecode.swift; path = ReputaionSectionHeaderView.swift; sourceTree = "<group>"; };
		4F83D31A2C7F14830076AE2A /* RequiredInformationController.swift */ = {isa = PBXFileReference; lastKnownFileType = sourcecode.swift; path = RequiredInformationController.swift; sourceTree = "<group>"; };
		4F83D31C2C7F14A60076AE2A /* RequiredInformationView.swift */ = {isa = PBXFileReference; lastKnownFileType = sourcecode.swift; path = RequiredInformationView.swift; sourceTree = "<group>"; };
		4F83D3232C80D9F60076AE2A /* RequiredInformaitionViewModel.swift */ = {isa = PBXFileReference; lastKnownFileType = sourcecode.swift; path = RequiredInformaitionViewModel.swift; sourceTree = "<group>"; };
		4F83D3252C80DA360076AE2A /* LoginViewModel.swift */ = {isa = PBXFileReference; lastKnownFileType = sourcecode.swift; path = LoginViewModel.swift; sourceTree = "<group>"; };
		4F83D3272C841D160076AE2A /* MatnamanaLaunchScreen.storyboard */ = {isa = PBXFileReference; lastKnownFileType = file.storyboard; path = MatnamanaLaunchScreen.storyboard; sourceTree = "<group>"; };
		4F83D32B2C8554BA0076AE2A /* HomeView.swift */ = {isa = PBXFileReference; lastKnownFileType = sourcecode.swift; path = HomeView.swift; sourceTree = "<group>"; };
		4F83D32D2C8554C50076AE2A /* HomeController.swift */ = {isa = PBXFileReference; lastKnownFileType = sourcecode.swift; path = HomeController.swift; sourceTree = "<group>"; };
		4F83D32F2C8556570076AE2A /* FriendReputationRequestCell.swift */ = {isa = PBXFileReference; lastKnownFileType = sourcecode.swift; path = FriendReputationRequestCell.swift; sourceTree = "<group>"; };
		4F83D3312C8559470076AE2A /* SectionHeaderView.swift */ = {isa = PBXFileReference; lastKnownFileType = sourcecode.swift; path = SectionHeaderView.swift; sourceTree = "<group>"; };
		4F83D3362C8576770076AE2A /* SectionModel.swift */ = {isa = PBXFileReference; lastKnownFileType = sourcecode.swift; path = SectionModel.swift; sourceTree = "<group>"; };
		4F83D3402C85A4680076AE2A /* KakaoLoginService.swift */ = {isa = PBXFileReference; lastKnownFileType = sourcecode.swift; path = KakaoLoginService.swift; sourceTree = "<group>"; };
		4FDF00152C91AE5B000B7873 /* DefalutCell.swift */ = {isa = PBXFileReference; lastKnownFileType = sourcecode.swift; path = DefalutCell.swift; sourceTree = "<group>"; };
		4FDF00172C92704E000B7873 /* ReplyController.swift */ = {isa = PBXFileReference; lastKnownFileType = sourcecode.swift; path = ReplyController.swift; sourceTree = "<group>"; };
		4FDF00192C9270D8000B7873 /* AnswerController.swift */ = {isa = PBXFileReference; lastKnownFileType = sourcecode.swift; path = AnswerController.swift; sourceTree = "<group>"; };
		4FDF001B2C927270000B7873 /* ReplyView.swift */ = {isa = PBXFileReference; lastKnownFileType = sourcecode.swift; path = ReplyView.swift; sourceTree = "<group>"; };
		4FDF001D2C927B34000B7873 /* AnswerView.swift */ = {isa = PBXFileReference; lastKnownFileType = sourcecode.swift; path = AnswerView.swift; sourceTree = "<group>"; };
		4FDF001F2C927F88000B7873 /* ReplyViewModel.swift */ = {isa = PBXFileReference; lastKnownFileType = sourcecode.swift; path = ReplyViewModel.swift; sourceTree = "<group>"; };
		4FEB36942C7EC9240066998E /* LoginView.swift */ = {isa = PBXFileReference; lastKnownFileType = sourcecode.swift; path = LoginView.swift; sourceTree = "<group>"; };
		4FEB36962C7F05BB0066998E /* matnamana.entitlements */ = {isa = PBXFileReference; lastKnownFileType = text.plist.entitlements; path = matnamana.entitlements; sourceTree = "<group>"; };
		4FEB36972C7F07120066998E /* AppleLoginService.swift */ = {isa = PBXFileReference; lastKnownFileType = sourcecode.swift; path = AppleLoginService.swift; sourceTree = "<group>"; };
		4FFD99B82C9BC6B90029B643 /* AnswerListViewModel.swift */ = {isa = PBXFileReference; lastKnownFileType = sourcecode.swift; path = AnswerListViewModel.swift; sourceTree = "<group>"; };
		DA3A55F62C7F144500459343 /* ProfileViewModel.swift */ = {isa = PBXFileReference; lastKnownFileType = sourcecode.swift; path = ProfileViewModel.swift; sourceTree = "<group>"; };
		DA3A55FC2C81AC6A00459343 /* SceneDelegate.swift */ = {isa = PBXFileReference; lastKnownFileType = sourcecode.swift; path = SceneDelegate.swift; sourceTree = "<group>"; };
		DA3A55FE2C81C1EE00459343 /* ProfileEditView.swift */ = {isa = PBXFileReference; lastKnownFileType = sourcecode.swift; path = ProfileEditView.swift; sourceTree = "<group>"; };
		DA3A56002C84B95100459343 /* ProfileEditViewModel.swift */ = {isa = PBXFileReference; lastKnownFileType = sourcecode.swift; path = ProfileEditViewModel.swift; sourceTree = "<group>"; };
		DA3A56052C85565B00459343 /* ProfileEditViewController.swift */ = {isa = PBXFileReference; lastKnownFileType = sourcecode.swift; path = ProfileEditViewController.swift; sourceTree = "<group>"; };
		DA3A56092C855BC400459343 /* ProfileUIView.swift */ = {isa = PBXFileReference; lastKnownFileType = sourcecode.swift; path = ProfileUIView.swift; sourceTree = "<group>"; };
		DA3A560B2C868BA700459343 /* ProfileTableViewController.swift */ = {isa = PBXFileReference; lastKnownFileType = sourcecode.swift; path = ProfileTableViewController.swift; sourceTree = "<group>"; };
		DA3A560D2C868BCC00459343 /* profileEditCell.swift */ = {isa = PBXFileReference; lastKnownFileType = sourcecode.swift; path = profileEditCell.swift; sourceTree = "<group>"; };
		DA3A56122C8A967B00459343 /* TTest.swift */ = {isa = PBXFileReference; lastKnownFileType = sourcecode.swift; path = TTest.swift; sourceTree = "<group>"; };
		DA59CFDF2C93F0490052D050 /* MyPageView.swift */ = {isa = PBXFileReference; lastKnownFileType = sourcecode.swift; path = MyPageView.swift; sourceTree = "<group>"; };
		DA59CFE12C93F06F0052D050 /* myPageController.swift */ = {isa = PBXFileReference; lastKnownFileType = sourcecode.swift; path = myPageController.swift; sourceTree = "<group>"; };
		DA59CFE32C93F0840052D050 /* myPageCell.swift */ = {isa = PBXFileReference; lastKnownFileType = sourcecode.swift; path = myPageCell.swift; sourceTree = "<group>"; };
		DA59CFE62C93F6A60052D050 /* myPageViewModel.swift */ = {isa = PBXFileReference; lastKnownFileType = sourcecode.swift; path = myPageViewModel.swift; sourceTree = "<group>"; };
		DA59CFE82C9BAE9F0052D050 /* MyPageInfoView.swift */ = {isa = PBXFileReference; lastKnownFileType = sourcecode.swift; path = MyPageInfoView.swift; sourceTree = "<group>"; };
		DA59CFEA2C9BAED80052D050 /* MyPageInfoController.swift */ = {isa = PBXFileReference; lastKnownFileType = sourcecode.swift; path = MyPageInfoController.swift; sourceTree = "<group>"; };
		DA59CFEC2C9BAF630052D050 /* MypageInfoCell.swift */ = {isa = PBXFileReference; lastKnownFileType = sourcecode.swift; path = MypageInfoCell.swift; sourceTree = "<group>"; };
		DAF0843E2CAB72AE0039D2A3 /* FirebaseFcmManger.swift */ = {isa = PBXFileReference; lastKnownFileType = sourcecode.swift; path = FirebaseFcmManger.swift; sourceTree = "<group>"; };
		DD0CE9E32C92CD5D008B5A68 /* CustomQuestionController.swift */ = {isa = PBXFileReference; lastKnownFileType = sourcecode.swift; path = CustomQuestionController.swift; sourceTree = "<group>"; };
		DD0CE9E52C92D55E008B5A68 /* CustomQuestionView.swift */ = {isa = PBXFileReference; lastKnownFileType = sourcecode.swift; path = CustomQuestionView.swift; sourceTree = "<group>"; };
		DD0CE9E72C933091008B5A68 /* BannerCell.swift */ = {isa = PBXFileReference; lastKnownFileType = sourcecode.swift; path = BannerCell.swift; sourceTree = "<group>"; };
		DD0CE9E92C9330A1008B5A68 /* QuestionCell.swift */ = {isa = PBXFileReference; lastKnownFileType = sourcecode.swift; path = QuestionCell.swift; sourceTree = "<group>"; };
		DD0CE9EB2C9330AE008B5A68 /* CustomQuestionCell.swift */ = {isa = PBXFileReference; lastKnownFileType = sourcecode.swift; path = CustomQuestionCell.swift; sourceTree = "<group>"; };
		DD0CE9ED2C935838008B5A68 /* HeaderView.swift */ = {isa = PBXFileReference; lastKnownFileType = sourcecode.swift; path = HeaderView.swift; sourceTree = "<group>"; };
		DD9470ED2C882F68009BF95E /* BaseViewController.swift */ = {isa = PBXFileReference; lastKnownFileType = sourcecode.swift; path = BaseViewController.swift; sourceTree = "<group>"; };
		DD9470EF2C885D8B009BF95E /* Protocol.swift */ = {isa = PBXFileReference; lastKnownFileType = sourcecode.swift; path = Protocol.swift; sourceTree = "<group>"; };
		DD9470F52C898FD6009BF95E /* TotalQuestionViewModel.swift */ = {isa = PBXFileReference; lastKnownFileType = sourcecode.swift; path = TotalQuestionViewModel.swift; sourceTree = "<group>"; };
		DD9470F72C899057009BF95E /* QuestionListCell.swift */ = {isa = PBXFileReference; fileEncoding = 4; lastKnownFileType = sourcecode.swift; path = QuestionListCell.swift; sourceTree = "<group>"; };
		DD9470F82C899057009BF95E /* TotalQuestionView.swift */ = {isa = PBXFileReference; fileEncoding = 4; lastKnownFileType = sourcecode.swift; path = TotalQuestionView.swift; sourceTree = "<group>"; };
		DD9470FB2C8A82D9009BF95E /* ReferenceCheckController.swift */ = {isa = PBXFileReference; lastKnownFileType = sourcecode.swift; path = ReferenceCheckController.swift; sourceTree = "<group>"; };
		DD9470FD2C8A834D009BF95E /* ReferenceView.swift */ = {isa = PBXFileReference; lastKnownFileType = sourcecode.swift; path = ReferenceView.swift; sourceTree = "<group>"; };
		DD9470FF2C8A89D6009BF95E /* BaseView.swift */ = {isa = PBXFileReference; lastKnownFileType = sourcecode.swift; path = BaseView.swift; sourceTree = "<group>"; };
		DD9471022C8A96D1009BF95E /* ReferenceViewModel.swift */ = {isa = PBXFileReference; lastKnownFileType = sourcecode.swift; path = ReferenceViewModel.swift; sourceTree = "<group>"; };
		DD9471042C8C4379009BF95E /* MainQuestionController.swift */ = {isa = PBXFileReference; lastKnownFileType = sourcecode.swift; path = MainQuestionController.swift; sourceTree = "<group>"; };
		DD9471062C8C4383009BF95E /* MainQuestionView.swift */ = {isa = PBXFileReference; lastKnownFileType = sourcecode.swift; path = MainQuestionView.swift; sourceTree = "<group>"; };
		DD94710C2C8C49C3009BF95E /* MainQuestionViewModel.swift */ = {isa = PBXFileReference; lastKnownFileType = sourcecode.swift; path = MainQuestionViewModel.swift; sourceTree = "<group>"; };
		DD94710E2C8C5F50009BF95E /* TypeQuestionController.swift */ = {isa = PBXFileReference; lastKnownFileType = sourcecode.swift; path = TypeQuestionController.swift; sourceTree = "<group>"; };
		DD9471102C8C5F7B009BF95E /* TypeQuestionView.swift */ = {isa = PBXFileReference; lastKnownFileType = sourcecode.swift; path = TypeQuestionView.swift; sourceTree = "<group>"; };
		DD9471122C8C8D48009BF95E /* TypeQuestionViewModel.swift */ = {isa = PBXFileReference; lastKnownFileType = sourcecode.swift; path = TypeQuestionViewModel.swift; sourceTree = "<group>"; };
		DD94711B2C8D7522009BF95E /* ReputaionViewModel.swift */ = {isa = PBXFileReference; fileEncoding = 4; lastKnownFileType = sourcecode.swift; path = ReputaionViewModel.swift; sourceTree = "<group>"; };
		DDCF92392C7854E8005DB62F /* MainPageController.swift */ = {isa = PBXFileReference; lastKnownFileType = sourcecode.swift; path = MainPageController.swift; sourceTree = "<group>"; };
		DDCF923B2C78552C005DB62F /* ProfileController.swift */ = {isa = PBXFileReference; lastKnownFileType = sourcecode.swift; path = ProfileController.swift; sourceTree = "<group>"; };
		DDCF923D2C78554B005DB62F /* TotalQuestionController.swift */ = {isa = PBXFileReference; lastKnownFileType = sourcecode.swift; path = TotalQuestionController.swift; sourceTree = "<group>"; };
		DDCF923F2C78556C005DB62F /* FriendListController.swift */ = {isa = PBXFileReference; lastKnownFileType = sourcecode.swift; path = FriendListController.swift; sourceTree = "<group>"; };
		DDCF92412C78557D005DB62F /* LoginController.swift */ = {isa = PBXFileReference; lastKnownFileType = sourcecode.swift; path = LoginController.swift; sourceTree = "<group>"; };
		DDCF93202C7D8C6D005DB62F /* UserModel.swift */ = {isa = PBXFileReference; lastKnownFileType = sourcecode.swift; path = UserModel.swift; sourceTree = "<group>"; };
		DDCF93222C7D8C8B005DB62F /* QuestionModel.swift */ = {isa = PBXFileReference; lastKnownFileType = sourcecode.swift; path = QuestionModel.swift; sourceTree = "<group>"; };
		DDCF93242C7DA8A0005DB62F /* GoogleService-Info.plist */ = {isa = PBXFileReference; fileEncoding = 4; lastKnownFileType = text.plist.xml; name = "GoogleService-Info.plist"; path = "matnamana/GoogleService-Info.plist"; sourceTree = SOURCE_ROOT; };
		DDCF93262C7DD3AA005DB62F /* MainPageView.swift */ = {isa = PBXFileReference; lastKnownFileType = sourcecode.swift; path = MainPageView.swift; sourceTree = "<group>"; };
		DDCF93282C7E09ED005DB62F /* FriendListView.swift */ = {isa = PBXFileReference; lastKnownFileType = sourcecode.swift; path = FriendListView.swift; sourceTree = "<group>"; };
		DDCF932A2C7E0D3D005DB62F /* FriendListCell.swift */ = {isa = PBXFileReference; lastKnownFileType = sourcecode.swift; path = FriendListCell.swift; sourceTree = "<group>"; };
		DDCF932C2C7E2163005DB62F /* FriendListViewModel.swift */ = {isa = PBXFileReference; lastKnownFileType = sourcecode.swift; path = FriendListViewModel.swift; sourceTree = "<group>"; };
		DDCF93352C7EEE33005DB62F /* FirebaseManager.swift */ = {isa = PBXFileReference; lastKnownFileType = sourcecode.swift; path = FirebaseManager.swift; sourceTree = "<group>"; };
		DDE043512C773E3500DA099A /* matnamana.app */ = {isa = PBXFileReference; explicitFileType = wrapper.application; includeInIndex = 0; path = matnamana.app; sourceTree = BUILT_PRODUCTS_DIR; };
		DDE043542C773E3500DA099A /* AppDelegate.swift */ = {isa = PBXFileReference; lastKnownFileType = sourcecode.swift; path = AppDelegate.swift; sourceTree = "<group>"; };
		DDE043582C773E3500DA099A /* TabBarController.swift */ = {isa = PBXFileReference; lastKnownFileType = sourcecode.swift; path = TabBarController.swift; sourceTree = "<group>"; };
		DDE0435B2C773E3500DA099A /* matnamana.xcdatamodel */ = {isa = PBXFileReference; lastKnownFileType = wrapper.xcdatamodel; path = matnamana.xcdatamodel; sourceTree = "<group>"; };
		DDE0435D2C773E3700DA099A /* Assets.xcassets */ = {isa = PBXFileReference; lastKnownFileType = folder.assetcatalog; name = Assets.xcassets; path = matnamana/Assets.xcassets; sourceTree = SOURCE_ROOT; };
		DDE043622C773E3700DA099A /* Info.plist */ = {isa = PBXFileReference; lastKnownFileType = text.plist.xml; path = Info.plist; sourceTree = "<group>"; };
		DDE043672C773E3700DA099A /* matnamanaTests.xctest */ = {isa = PBXFileReference; explicitFileType = wrapper.cfbundle; includeInIndex = 0; path = matnamanaTests.xctest; sourceTree = BUILT_PRODUCTS_DIR; };
		DDE0436B2C773E3700DA099A /* matnamanaTests.swift */ = {isa = PBXFileReference; lastKnownFileType = sourcecode.swift; path = matnamanaTests.swift; sourceTree = "<group>"; };
		DDE043712C773E3700DA099A /* matnamanaUITests.xctest */ = {isa = PBXFileReference; explicitFileType = wrapper.cfbundle; includeInIndex = 0; path = matnamanaUITests.xctest; sourceTree = BUILT_PRODUCTS_DIR; };
		DDE043752C773E3700DA099A /* matnamanaUITests.swift */ = {isa = PBXFileReference; lastKnownFileType = sourcecode.swift; path = matnamanaUITests.swift; sourceTree = "<group>"; };
		DDE043772C773E3700DA099A /* matnamanaUITestsLaunchTests.swift */ = {isa = PBXFileReference; lastKnownFileType = sourcecode.swift; path = matnamanaUITestsLaunchTests.swift; sourceTree = "<group>"; };
		DDE309052C997B3A003ED62D /* CustomQuestionViewModel.swift */ = {isa = PBXFileReference; lastKnownFileType = sourcecode.swift; path = CustomQuestionViewModel.swift; sourceTree = "<group>"; };
		DDE3090B2C9BCBA6003ED62D /* AddNewQuestionCell.swift */ = {isa = PBXFileReference; lastKnownFileType = sourcecode.swift; path = AddNewQuestionCell.swift; sourceTree = "<group>"; };
		DDE3090D2C9CAA77003ED62D /* RequestMyQuestionController.swift */ = {isa = PBXFileReference; lastKnownFileType = sourcecode.swift; path = RequestMyQuestionController.swift; sourceTree = "<group>"; };
		DDE3090F2C9CAA8A003ED62D /* RequestMyQuestionView.swift */ = {isa = PBXFileReference; lastKnownFileType = sourcecode.swift; path = RequestMyQuestionView.swift; sourceTree = "<group>"; };
		DDE309112C9CB54F003ED62D /* RequestMyQuestionViewModel.swift */ = {isa = PBXFileReference; lastKnownFileType = sourcecode.swift; path = RequestMyQuestionViewModel.swift; sourceTree = "<group>"; };
		DDE309132C9CC40E003ED62D /* RequestMyQuestionCell.swift */ = {isa = PBXFileReference; lastKnownFileType = sourcecode.swift; path = RequestMyQuestionCell.swift; sourceTree = "<group>"; };
		DDE309152C9CCD0F003ED62D /* AddPresetCell.swift */ = {isa = PBXFileReference; lastKnownFileType = sourcecode.swift; path = AddPresetCell.swift; sourceTree = "<group>"; };
		DDE309172C9D0948003ED62D /* ReputationListCell.swift */ = {isa = PBXFileReference; lastKnownFileType = sourcecode.swift; path = ReputationListCell.swift; sourceTree = "<group>"; };
		DDF2A0192C8031ED001B1DB7 /* ProfileViewController.swift */ = {isa = PBXFileReference; lastKnownFileType = sourcecode.swift; path = ProfileViewController.swift; sourceTree = "<group>"; };
		DDF2A01B2C8031F8001B1DB7 /* ProfileView.swift */ = {isa = PBXFileReference; lastKnownFileType = sourcecode.swift; path = ProfileView.swift; sourceTree = "<group>"; };
		DDF2A01D2C8034A1001B1DB7 /* UIExtensions.swift */ = {isa = PBXFileReference; lastKnownFileType = sourcecode.swift; path = UIExtensions.swift; sourceTree = "<group>"; };
		DDF2A01F2C80A072001B1DB7 /* AnswerModel.swift */ = {isa = PBXFileReference; lastKnownFileType = sourcecode.swift; path = AnswerModel.swift; sourceTree = "<group>"; };
		DDF2A0212C80A084001B1DB7 /* ReputationModel.swift */ = {isa = PBXFileReference; lastKnownFileType = sourcecode.swift; path = ReputationModel.swift; sourceTree = "<group>"; };
		DDF2A0262C842978001B1DB7 /* UserProfileViewModel.swift */ = {isa = PBXFileReference; lastKnownFileType = sourcecode.swift; path = UserProfileViewModel.swift; sourceTree = "<group>"; };
		DDF2A0282C843986001B1DB7 /* AddFriendViewController.swift */ = {isa = PBXFileReference; lastKnownFileType = sourcecode.swift; path = AddFriendViewController.swift; sourceTree = "<group>"; };
		DDF2A02A2C843CF8001B1DB7 /* AddFriendView.swift */ = {isa = PBXFileReference; lastKnownFileType = sourcecode.swift; path = AddFriendView.swift; sourceTree = "<group>"; };
		DDF2A02C2C846927001B1DB7 /* AddFriendViewModel.swift */ = {isa = PBXFileReference; lastKnownFileType = sourcecode.swift; path = AddFriendViewModel.swift; sourceTree = "<group>"; };
/* End PBXFileReference section */

/* Begin PBXFrameworksBuildPhase section */
		DDE0434E2C773E3500DA099A /* Frameworks */ = {
			isa = PBXFrameworksBuildPhase;
			buildActionMask = 2147483647;
			files = (
				DAF0843D2CAB3E900039D2A3 /* FirebaseMessaging in Frameworks */,
				DA3A55FB2C802EA800459343 /* FirebaseStorageCombine-Community in Frameworks */,
				DDCF924B2C785841005DB62F /* RxSwift in Frameworks */,
				4F83D33F2C85A27D0076AE2A /* KakaoSDK in Frameworks */,
				DA3A56102C881AF900459343 /* RxKeyboard in Frameworks */,
				DDCF92C52C7C7FB3005DB62F /* FirebaseAuthCombine-Community in Frameworks */,
				DDCF92C32C7C7FA9005DB62F /* FirebaseFirestoreCombine-Community in Frameworks */,
				DA3A55F92C802EA800459343 /* FirebaseStorage in Frameworks */,
				DDCF92BF2C7C7F8E005DB62F /* FirebaseAuth in Frameworks */,
				DDCF92492C78583D005DB62F /* RxCocoa in Frameworks */,
				DDF2A0302C84B35D001B1DB7 /* Then in Frameworks */,
				4F83D3352C85763D0076AE2A /* RxDataSources in Frameworks */,
				4F83D3222C80CCD40076AE2A /* Then in Frameworks */,
				DDCF924D2C785846005DB62F /* RxRelay in Frameworks */,
				DDCF92462C785837005DB62F /* SnapKit in Frameworks */,
				DDCF92502C785884005DB62F /* Kingfisher in Frameworks */,
				DDCF92C12C7C7F8E005DB62F /* FirebaseFirestore in Frameworks */,
				4F83D33D2C85A0E80076AE2A /* KakaoSDKAuth in Frameworks */,
			);
			runOnlyForDeploymentPostprocessing = 0;
		};
		DDE043642C773E3700DA099A /* Frameworks */ = {
			isa = PBXFrameworksBuildPhase;
			buildActionMask = 2147483647;
			files = (
			);
			runOnlyForDeploymentPostprocessing = 0;
		};
		DDE0436E2C773E3700DA099A /* Frameworks */ = {
			isa = PBXFrameworksBuildPhase;
			buildActionMask = 2147483647;
			files = (
			);
			runOnlyForDeploymentPostprocessing = 0;
		};
/* End PBXFrameworksBuildPhase section */

/* Begin PBXGroup section */
		4F1E88632C8E897600F09A36 /* AcceptRequest */ = {
			isa = PBXGroup;
			children = (
				4F1E88642C8E89CD00F09A36 /* AcceptRequestController.swift */,
			);
			path = AcceptRequest;
			sourceTree = "<group>";
		};
		4F1E88662C8E998E00F09A36 /* Reputation */ = {
			isa = PBXGroup;
			children = (
				DD94711B2C8D7522009BF95E /* ReputaionViewModel.swift */,
				4F1E88672C8E99B300F09A36 /* AcceptRequestViewModel.swift */,
				4FDF001F2C927F88000B7873 /* ReplyViewModel.swift */,
				4FFD99B82C9BC6B90029B643 /* AnswerListViewModel.swift */,
				4F4877CE2C9C2D6B0060C1B7 /* ReadAnswerViewModel.swift */,
			);
			path = Reputation;
			sourceTree = "<group>";
		};
		4F63D6DF2C870A3000B0F65C /* Recovered References */ = {
			isa = PBXGroup;
			children = (
				DA3A55FC2C81AC6A00459343 /* SceneDelegate.swift */,
				4F1E885F2C8BEE1700F09A36 /* ReputaionViewModel.swift */,
			);
			name = "Recovered References";
			sourceTree = "<group>";
		};
		4F63D71F2C8A8CD000B0F65C /* Reputaion */ = {
			isa = PBXGroup;
			children = (
				4F1E88632C8E897600F09A36 /* AcceptRequest */,
				4FDF00142C919B40000B7873 /* reply */,
				4F63D7202C8A8CF500B0F65C /* ReputaionController.swift */,
				4F63D7222C8A8D5F00B0F65C /* ReputationView.swift */,
				4F63D7282C8A917000B0F65C /* FriendRequestCell.swift */,
				4F63D7242C8A912700B0F65C /* MyRequestsCell.swift */,
				4FDF00152C91AE5B000B7873 /* DefalutCell.swift */,
				4F63D7262C8A913E00B0F65C /* ReceivedRequestCell.swift */,
				4F63D72A2C8A935B00B0F65C /* ReputaionSectionHeaderView.swift */,
			);
			path = Reputaion;
			sourceTree = "<group>";
		};
		4F83D32A2C8552CD0076AE2A /* HomePage */ = {
			isa = PBXGroup;
			children = (
				4F83D32B2C8554BA0076AE2A /* HomeView.swift */,
				4F83D32D2C8554C50076AE2A /* HomeController.swift */,
				4F83D3312C8559470076AE2A /* SectionHeaderView.swift */,
				4F83D32F2C8556570076AE2A /* FriendReputationRequestCell.swift */,
			);
			path = HomePage;
			sourceTree = "<group>";
		};
		4FDF00142C919B40000B7873 /* reply */ = {
			isa = PBXGroup;
			children = (
				4FDF00172C92704E000B7873 /* ReplyController.swift */,
				4FDF001B2C927270000B7873 /* ReplyView.swift */,
				4FDF001D2C927B34000B7873 /* AnswerView.swift */,
				4FDF00192C9270D8000B7873 /* AnswerController.swift */,
				4F4EDB292C997DAA00BFF74F /* AnswerListController.swift */,
				4F4EDB2B2C997DB700BFF74F /* AnswerListView.swift */,
				4F4EDB2D2C9B9A9600BFF74F /* AnswerListCell.swift */,
				4F4877CC2C9C2A2E0060C1B7 /* QandACell.swift */,
				4F4EDB252C958B9E00BFF74F /* ReadAnserController.swift */,
				4F4EDB272C958BA700BFF74F /* ReadAnswerView.swift */,
				4F4877D02C9D359E0060C1B7 /* ReputationReviewView.swift */,
			);
			path = reply;
			sourceTree = "<group>";
		};
		4FDF00212C928017000B7873 /* Login */ = {
			isa = PBXGroup;
			children = (
				4F83D3252C80DA360076AE2A /* LoginViewModel.swift */,
				4F83D3232C80D9F60076AE2A /* RequiredInformaitionViewModel.swift */,
			);
			path = Login;
			sourceTree = "<group>";
		};
		4FEB36992C7F07BE0066998E /* Service */ = {
			isa = PBXGroup;
			children = (
				4FEB36972C7F07120066998E /* AppleLoginService.swift */,
				4F83D3402C85A4680076AE2A /* KakaoLoginService.swift */,
			);
			path = Service;
			sourceTree = "<group>";
		};
		DA3A55F52C7F141800459343 /* Profile */ = {
			isa = PBXGroup;
			children = (
				DA3A55F62C7F144500459343 /* ProfileViewModel.swift */,
				DA3A56002C84B95100459343 /* ProfileEditViewModel.swift */,
				DA59CFE52C93F64A0052D050 /* myPage */,
			);
			name = Profile;
			path = matnamana/ViewModel/Profile;
			sourceTree = SOURCE_ROOT;
		};
		DA59CFDE2C93EF9C0052D050 /* myPage */ = {
			isa = PBXGroup;
			children = (
				DA59CFDF2C93F0490052D050 /* MyPageView.swift */,
				DA59CFE12C93F06F0052D050 /* myPageController.swift */,
				DA59CFE32C93F0840052D050 /* myPageCell.swift */,
				DA59CFE82C9BAE9F0052D050 /* MyPageInfoView.swift */,
				DA59CFEA2C9BAED80052D050 /* MyPageInfoController.swift */,
				DA59CFEC2C9BAF630052D050 /* MypageInfoCell.swift */,
			);
			path = myPage;
			sourceTree = "<group>";
		};
		DA59CFE52C93F64A0052D050 /* myPage */ = {
			isa = PBXGroup;
			children = (
				DA59CFE62C93F6A60052D050 /* myPageViewModel.swift */,
			);
			path = myPage;
			sourceTree = "<group>";
		};
		DD9471012C8A89E2009BF95E /* Base */ = {
			isa = PBXGroup;
			children = (
				DD9470FF2C8A89D6009BF95E /* BaseView.swift */,
				DD9470ED2C882F68009BF95E /* BaseViewController.swift */,
			);
			path = Base;
			sourceTree = "<group>";
		};
		DD94710A2C8C490C009BF95E /* FriendList */ = {
			isa = PBXGroup;
			children = (
				DDF2A02C2C846927001B1DB7 /* AddFriendViewModel.swift */,
				DDF2A0262C842978001B1DB7 /* UserProfileViewModel.swift */,
				DDCF932C2C7E2163005DB62F /* FriendListViewModel.swift */,
				DD9471022C8A96D1009BF95E /* ReferenceViewModel.swift */,
				DDE309112C9CB54F003ED62D /* RequestMyQuestionViewModel.swift */,
			);
			path = FriendList;
			sourceTree = "<group>";
		};
		DD94710B2C8C4943009BF95E /* MainPage */ = {
			isa = PBXGroup;
			children = (
				DD9470F52C898FD6009BF95E /* TotalQuestionViewModel.swift */,
				DD94710C2C8C49C3009BF95E /* MainQuestionViewModel.swift */,
				DD9471122C8C8D48009BF95E /* TypeQuestionViewModel.swift */,
				DDE309052C997B3A003ED62D /* CustomQuestionViewModel.swift */,
			);
			path = MainPage;
			sourceTree = "<group>";
		};
		DD9471142C8CDCE4009BF95E /* App */ = {
			isa = PBXGroup;
			children = (
				4F63D6E02C870C7800B0F65C /* SceneDelegate.swift */,
				DDE043542C773E3500DA099A /* AppDelegate.swift */,
			);
			path = App;
			sourceTree = "<group>";
		};
		DDCF92472C78583D005DB62F /* Frameworks */ = {
			isa = PBXGroup;
			children = (
			);
			name = Frameworks;
			sourceTree = "<group>";
		};
		DDCF92C82C7C8A6B005DB62F /* View */ = {
			isa = PBXGroup;
			children = (
				DDCF93182C7D533D005DB62F /* MainPage */,
				DDE043582C773E3500DA099A /* TabBarController.swift */,
				DD9471012C8A89E2009BF95E /* Base */,
				4F83D32A2C8552CD0076AE2A /* HomePage */,
				DDCF93192C7D5356005DB62F /* Profile */,
				DDCF931A2C7D53FD005DB62F /* MyQuestion */,
				DDCF931B2C7D5406005DB62F /* FriendList */,
				DDCF931C2C7D5418005DB62F /* Login */,
				4F63D71F2C8A8CD000B0F65C /* Reputaion */,
			);
			path = View;
			sourceTree = "<group>";
		};
		DDCF92C92C7C8AAD005DB62F /* ViewModel */ = {
			isa = PBXGroup;
			children = (
				DD9470EF2C885D8B009BF95E /* Protocol.swift */,
				DD94710B2C8C4943009BF95E /* MainPage */,
				DD94710A2C8C490C009BF95E /* FriendList */,
				4F1E88662C8E998E00F09A36 /* Reputation */,
				DA3A55F52C7F141800459343 /* Profile */,
				4FDF00212C928017000B7873 /* Login */,
			);
			path = ViewModel;
			sourceTree = "<group>";
		};
		DDCF93182C7D533D005DB62F /* MainPage */ = {
			isa = PBXGroup;
			children = (
				DDCF92392C7854E8005DB62F /* MainPageController.swift */,
				DDCF93262C7DD3AA005DB62F /* MainPageView.swift */,
			);
			path = MainPage;
			sourceTree = "<group>";
		};
		DDCF93192C7D5356005DB62F /* Profile */ = {
			isa = PBXGroup;
			children = (
				DDCF923B2C78552C005DB62F /* ProfileController.swift */,
				DA3A56092C855BC400459343 /* ProfileUIView.swift */,
				DA3A560B2C868BA700459343 /* ProfileTableViewController.swift */,
				DA3A560D2C868BCC00459343 /* profileEditCell.swift */,
				DA3A56052C85565B00459343 /* ProfileEditViewController.swift */,
				DA3A55FE2C81C1EE00459343 /* ProfileEditView.swift */,
				DA3A56122C8A967B00459343 /* TTest.swift */,
				DA59CFDE2C93EF9C0052D050 /* myPage */,
			);
			path = Profile;
			sourceTree = "<group>";
		};
		DDCF931A2C7D53FD005DB62F /* MyQuestion */ = {
			isa = PBXGroup;
			children = (
				DDE309032C997799003ED62D /* DetailQuestion */,
				DDE309042C9977C0003ED62D /* CustomQuestion */,
				DDE309022C99770A003ED62D /* MainCollectionView */,
			);
			path = MyQuestion;
			sourceTree = "<group>";
		};
		DDCF931B2C7D5406005DB62F /* FriendList */ = {
			isa = PBXGroup;
			children = (
				DDCF923F2C78556C005DB62F /* FriendListController.swift */,
				DDCF93282C7E09ED005DB62F /* FriendListView.swift */,
				DDCF932A2C7E0D3D005DB62F /* FriendListCell.swift */,
				DDF2A01B2C8031F8001B1DB7 /* ProfileView.swift */,
				DDF2A02A2C843CF8001B1DB7 /* AddFriendView.swift */,
				DDF2A0192C8031ED001B1DB7 /* ProfileViewController.swift */,
				DDF2A0282C843986001B1DB7 /* AddFriendViewController.swift */,
				DD9470FB2C8A82D9009BF95E /* ReferenceCheckController.swift */,
				DD9470FD2C8A834D009BF95E /* ReferenceView.swift */,
				DDE3090D2C9CAA77003ED62D /* RequestMyQuestionController.swift */,
				DDE3090F2C9CAA8A003ED62D /* RequestMyQuestionView.swift */,
				DDE309132C9CC40E003ED62D /* RequestMyQuestionCell.swift */,
				DDE309152C9CCD0F003ED62D /* AddPresetCell.swift */,
				DDE309172C9D0948003ED62D /* ReputationListCell.swift */,
			);
			path = FriendList;
			sourceTree = "<group>";
		};
		DDCF931C2C7D5418005DB62F /* Login */ = {
			isa = PBXGroup;
			children = (
				4FEB36942C7EC9240066998E /* LoginView.swift */,
				DDCF92412C78557D005DB62F /* LoginController.swift */,
				4F83D31C2C7F14A60076AE2A /* RequiredInformationView.swift */,
				4F83D31A2C7F14830076AE2A /* RequiredInformationController.swift */,
			);
			path = Login;
			sourceTree = "<group>";
		};
		DDCF931F2C7D8C20005DB62F /* Model */ = {
			isa = PBXGroup;
			children = (
				DDCF93202C7D8C6D005DB62F /* UserModel.swift */,
				4F0AC29A2CA1753900E71D65 /* ForbiddenWords.swift */,
				DDCF93222C7D8C8B005DB62F /* QuestionModel.swift */,
				DDF2A01F2C80A072001B1DB7 /* AnswerModel.swift */,
				DDF2A0212C80A084001B1DB7 /* ReputationModel.swift */,
				4F83D3362C8576770076AE2A /* SectionModel.swift */,
			);
			path = Model;
			sourceTree = "<group>";
		};
		DDCF93342C7EEE16005DB62F /* Common */ = {
			isa = PBXGroup;
			children = (
				DDCF93352C7EEE33005DB62F /* FirebaseManager.swift */,
				DDF2A01D2C8034A1001B1DB7 /* UIExtensions.swift */,
				DAF0843E2CAB72AE0039D2A3 /* FirebaseFcmManger.swift */,
			);
			path = Common;
			sourceTree = "<group>";
		};
		DDE043482C773E3500DA099A = {
			isa = PBXGroup;
			children = (
				DDE043532C773E3500DA099A /* matnamana */,
				DDE0436A2C773E3700DA099A /* matnamanaTests */,
				DDE043742C773E3700DA099A /* matnamanaUITests */,
				DDE043522C773E3500DA099A /* Products */,
				DDCF92472C78583D005DB62F /* Frameworks */,
				4F63D6DF2C870A3000B0F65C /* Recovered References */,
			);
			sourceTree = "<group>";
		};
		DDE043522C773E3500DA099A /* Products */ = {
			isa = PBXGroup;
			children = (
				DDE043512C773E3500DA099A /* matnamana.app */,
				DDE043672C773E3700DA099A /* matnamanaTests.xctest */,
				DDE043712C773E3700DA099A /* matnamanaUITests.xctest */,
			);
			name = Products;
			sourceTree = "<group>";
		};
		DDE043532C773E3500DA099A /* matnamana */ = {
			isa = PBXGroup;
			children = (
				4FEB36962C7F05BB0066998E /* matnamana.entitlements */,
				DD9471142C8CDCE4009BF95E /* App */,
				DDCF93342C7EEE16005DB62F /* Common */,
				DDCF931F2C7D8C20005DB62F /* Model */,
				DDCF92C92C7C8AAD005DB62F /* ViewModel */,
				DDCF92C82C7C8A6B005DB62F /* View */,
				4FEB36992C7F07BE0066998E /* Service */,
				DDE0435D2C773E3700DA099A /* Assets.xcassets */,
				4F83D3272C841D160076AE2A /* MatnamanaLaunchScreen.storyboard */,
				DDCF93242C7DA8A0005DB62F /* GoogleService-Info.plist */,
				DDE043622C773E3700DA099A /* Info.plist */,
				DDE0435A2C773E3500DA099A /* matnamana.xcdatamodeld */,
			);
			path = matnamana;
			sourceTree = "<group>";
		};
		DDE0436A2C773E3700DA099A /* matnamanaTests */ = {
			isa = PBXGroup;
			children = (
				DDE0436B2C773E3700DA099A /* matnamanaTests.swift */,
			);
			path = matnamanaTests;
			sourceTree = "<group>";
		};
		DDE043742C773E3700DA099A /* matnamanaUITests */ = {
			isa = PBXGroup;
			children = (
				DDE043752C773E3700DA099A /* matnamanaUITests.swift */,
				DDE043772C773E3700DA099A /* matnamanaUITestsLaunchTests.swift */,
			);
			path = matnamanaUITests;
			sourceTree = "<group>";
		};
		DDE309022C99770A003ED62D /* MainCollectionView */ = {
			isa = PBXGroup;
			children = (
				DD9471062C8C4383009BF95E /* MainQuestionView.swift */,
				DD9471042C8C4379009BF95E /* MainQuestionController.swift */,
				DD0CE9E72C933091008B5A68 /* BannerCell.swift */,
				DD0CE9E92C9330A1008B5A68 /* QuestionCell.swift */,
				DD0CE9EB2C9330AE008B5A68 /* CustomQuestionCell.swift */,
				DD0CE9ED2C935838008B5A68 /* HeaderView.swift */,
				DDE3090B2C9BCBA6003ED62D /* AddNewQuestionCell.swift */,
			);
			path = MainCollectionView;
			sourceTree = "<group>";
		};
		DDE309032C997799003ED62D /* DetailQuestion */ = {
			isa = PBXGroup;
			children = (
				DD9470F82C899057009BF95E /* TotalQuestionView.swift */,
				DDCF923D2C78554B005DB62F /* TotalQuestionController.swift */,
				DD9470F72C899057009BF95E /* QuestionListCell.swift */,
				DD94710E2C8C5F50009BF95E /* TypeQuestionController.swift */,
				DD9471102C8C5F7B009BF95E /* TypeQuestionView.swift */,
			);
			path = DetailQuestion;
			sourceTree = "<group>";
		};
		DDE309042C9977C0003ED62D /* CustomQuestion */ = {
			isa = PBXGroup;
			children = (
				DD0CE9E32C92CD5D008B5A68 /* CustomQuestionController.swift */,
				DD0CE9E52C92D55E008B5A68 /* CustomQuestionView.swift */,
			);
			path = CustomQuestion;
			sourceTree = "<group>";
		};
/* End PBXGroup section */

/* Begin PBXNativeTarget section */
		DDE043502C773E3500DA099A /* matnamana */ = {
			isa = PBXNativeTarget;
			buildConfigurationList = DDE0437B2C773E3700DA099A /* Build configuration list for PBXNativeTarget "matnamana" */;
			buildPhases = (
				DDE0434D2C773E3500DA099A /* Sources */,
				DDE0434E2C773E3500DA099A /* Frameworks */,
				DDE0434F2C773E3500DA099A /* Resources */,
			);
			buildRules = (
			);
			dependencies = (
			);
			name = matnamana;
			packageProductDependencies = (
				DDCF92452C785837005DB62F /* SnapKit */,
				DDCF92482C78583D005DB62F /* RxCocoa */,
				DDCF924A2C785841005DB62F /* RxSwift */,
				DDCF924C2C785846005DB62F /* RxRelay */,
				DDCF924F2C785884005DB62F /* Kingfisher */,
				DDCF92BE2C7C7F8E005DB62F /* FirebaseAuth */,
				DDCF92C02C7C7F8E005DB62F /* FirebaseFirestore */,
				DDCF92C22C7C7FA9005DB62F /* FirebaseFirestoreCombine-Community */,
				DDCF92C42C7C7FB3005DB62F /* FirebaseAuthCombine-Community */,
				4F83D3212C80CCD40076AE2A /* Then */,
				4F83D3342C85763D0076AE2A /* RxDataSources */,
				4F83D33C2C85A0E80076AE2A /* KakaoSDKAuth */,
				4F83D33E2C85A27D0076AE2A /* KakaoSDK */,
				DA3A55F82C802EA800459343 /* FirebaseStorage */,
				DA3A55FA2C802EA800459343 /* FirebaseStorageCombine-Community */,
				DA3A560F2C881AF900459343 /* RxKeyboard */,
				DAF0843C2CAB3E900039D2A3 /* FirebaseMessaging */,
			);
			productName = matnamana;
			productReference = DDE043512C773E3500DA099A /* matnamana.app */;
			productType = "com.apple.product-type.application";
		};
		DDE043662C773E3700DA099A /* matnamanaTests */ = {
			isa = PBXNativeTarget;
			buildConfigurationList = DDE0437E2C773E3700DA099A /* Build configuration list for PBXNativeTarget "matnamanaTests" */;
			buildPhases = (
				DDE043632C773E3700DA099A /* Sources */,
				DDE043642C773E3700DA099A /* Frameworks */,
				DDE043652C773E3700DA099A /* Resources */,
			);
			buildRules = (
			);
			dependencies = (
				DDE043692C773E3700DA099A /* PBXTargetDependency */,
			);
			name = matnamanaTests;
			productName = matnamanaTests;
			productReference = DDE043672C773E3700DA099A /* matnamanaTests.xctest */;
			productType = "com.apple.product-type.bundle.unit-test";
		};
		DDE043702C773E3700DA099A /* matnamanaUITests */ = {
			isa = PBXNativeTarget;
			buildConfigurationList = DDE043812C773E3700DA099A /* Build configuration list for PBXNativeTarget "matnamanaUITests" */;
			buildPhases = (
				DDE0436D2C773E3700DA099A /* Sources */,
				DDE0436E2C773E3700DA099A /* Frameworks */,
				DDE0436F2C773E3700DA099A /* Resources */,
			);
			buildRules = (
			);
			dependencies = (
				DDE043732C773E3700DA099A /* PBXTargetDependency */,
			);
			name = matnamanaUITests;
			productName = matnamanaUITests;
			productReference = DDE043712C773E3700DA099A /* matnamanaUITests.xctest */;
			productType = "com.apple.product-type.bundle.ui-testing";
		};
/* End PBXNativeTarget section */

/* Begin PBXProject section */
		DDE043492C773E3500DA099A /* Project object */ = {
			isa = PBXProject;
			attributes = {
				BuildIndependentTargetsInParallel = 1;
				LastSwiftUpdateCheck = 1540;
				LastUpgradeCheck = 1540;
				TargetAttributes = {
					DDE043502C773E3500DA099A = {
						CreatedOnToolsVersion = 15.4;
					};
					DDE043662C773E3700DA099A = {
						CreatedOnToolsVersion = 15.4;
						TestTargetID = DDE043502C773E3500DA099A;
					};
					DDE043702C773E3700DA099A = {
						CreatedOnToolsVersion = 15.4;
						TestTargetID = DDE043502C773E3500DA099A;
					};
				};
			};
			buildConfigurationList = DDE0434C2C773E3500DA099A /* Build configuration list for PBXProject "matnamana" */;
			compatibilityVersion = "Xcode 14.0";
			developmentRegion = en;
			hasScannedForEncodings = 0;
			knownRegions = (
				en,
				Base,
			);
			mainGroup = DDE043482C773E3500DA099A;
			packageReferences = (
				DDCF92432C785824005DB62F /* XCRemoteSwiftPackageReference "RxSwift" */,
				DDCF92442C785837005DB62F /* XCRemoteSwiftPackageReference "SnapKit" */,
				DDCF924E2C785884005DB62F /* XCRemoteSwiftPackageReference "Kingfisher" */,
				DDCF92BD2C7C7F8E005DB62F /* XCRemoteSwiftPackageReference "firebase-ios-sdk" */,
				4F83D3202C80CCC00076AE2A /* XCRemoteSwiftPackageReference "Then" */,
				4F83D3332C85763D0076AE2A /* XCRemoteSwiftPackageReference "RxDataSources" */,
				4F83D3382C859A180076AE2A /* XCRemoteSwiftPackageReference "KakaoMapsSDK-SPM" */,
				4F83D33B2C85A0E80076AE2A /* XCRemoteSwiftPackageReference "kakao-ios-sdk" */,
				DA3A56022C85464900459343 /* XCRemoteSwiftPackageReference "RxKeyboard" */,
			);
			productRefGroup = DDE043522C773E3500DA099A /* Products */;
			projectDirPath = "";
			projectRoot = "";
			targets = (
				DDE043502C773E3500DA099A /* matnamana */,
				DDE043662C773E3700DA099A /* matnamanaTests */,
				DDE043702C773E3700DA099A /* matnamanaUITests */,
			);
		};
/* End PBXProject section */

/* Begin PBXResourcesBuildPhase section */
		DDE0434F2C773E3500DA099A /* Resources */ = {
			isa = PBXResourcesBuildPhase;
			buildActionMask = 2147483647;
			files = (
				4F83D3282C841D160076AE2A /* MatnamanaLaunchScreen.storyboard in Resources */,
				DDE0435E2C773E3700DA099A /* Assets.xcassets in Resources */,
				DDCF93252C7DA8A0005DB62F /* GoogleService-Info.plist in Resources */,
			);
			runOnlyForDeploymentPostprocessing = 0;
		};
		DDE043652C773E3700DA099A /* Resources */ = {
			isa = PBXResourcesBuildPhase;
			buildActionMask = 2147483647;
			files = (
			);
			runOnlyForDeploymentPostprocessing = 0;
		};
		DDE0436F2C773E3700DA099A /* Resources */ = {
			isa = PBXResourcesBuildPhase;
			buildActionMask = 2147483647;
			files = (
			);
			runOnlyForDeploymentPostprocessing = 0;
		};
/* End PBXResourcesBuildPhase section */

/* Begin PBXSourcesBuildPhase section */
		DDE0434D2C773E3500DA099A /* Sources */ = {
			isa = PBXSourcesBuildPhase;
			buildActionMask = 2147483647;
			files = (
				DA59CFE72C93F6A60052D050 /* myPageViewModel.swift in Sources */,
				DA59CFE22C93F06F0052D050 /* myPageController.swift in Sources */,
				DDE309182C9D0949003ED62D /* ReputationListCell.swift in Sources */,
				DD94711D2C8D781C009BF95E /* MainQuestionController.swift in Sources */,
				4F1E88652C8E89CD00F09A36 /* AcceptRequestController.swift in Sources */,
				4FDF001E2C927B34000B7873 /* AnswerView.swift in Sources */,
				4F63D6E12C870C7800B0F65C /* SceneDelegate.swift in Sources */,
				DD0CE9E62C92D55E008B5A68 /* CustomQuestionView.swift in Sources */,
				DDCF93362C7EEE33005DB62F /* FirebaseManager.swift in Sources */,
				DA3A56062C85565B00459343 /* ProfileEditViewController.swift in Sources */,
				4F83D3262C80DA360076AE2A /* LoginViewModel.swift in Sources */,
				DDF2A01A2C8031EE001B1DB7 /* ProfileViewController.swift in Sources */,
				DDCF932B2C7E0D3D005DB62F /* FriendListCell.swift in Sources */,
				4F83D32C2C8554BA0076AE2A /* HomeView.swift in Sources */,
				4F4EDB282C958BA700BFF74F /* ReadAnswerView.swift in Sources */,
				4F0AC29B2CA1753900E71D65 /* ForbiddenWords.swift in Sources */,
				DDF2A01E2C8034A1001B1DB7 /* UIExtensions.swift in Sources */,
				4F83D3372C8576770076AE2A /* SectionModel.swift in Sources */,
				4F63D7232C8A8D5F00B0F65C /* ReputationView.swift in Sources */,
				4F83D31B2C7F14830076AE2A /* RequiredInformationController.swift in Sources */,
				DD9471072C8C4383009BF95E /* MainQuestionView.swift in Sources */,
				4F83D32E2C8554C50076AE2A /* HomeController.swift in Sources */,
				DD9471032C8A96D1009BF95E /* ReferenceViewModel.swift in Sources */,
				4F4EDB2C2C997DB700BFF74F /* AnswerListView.swift in Sources */,
				DDE0435C2C773E3500DA099A /* matnamana.xcdatamodeld in Sources */,
				4F63D72B2C8A935B00B0F65C /* ReputaionSectionHeaderView.swift in Sources */,
				DDE043592C773E3500DA099A /* TabBarController.swift in Sources */,
				DDE3090E2C9CAA77003ED62D /* RequestMyQuestionController.swift in Sources */,
				4FDF00202C927F88000B7873 /* ReplyViewModel.swift in Sources */,
				4F83D3242C80D9F60076AE2A /* RequiredInformaitionViewModel.swift in Sources */,
				DDCF932D2C7E2163005DB62F /* FriendListViewModel.swift in Sources */,
				4F4EDB2E2C9B9A9600BFF74F /* AnswerListCell.swift in Sources */,
				DA3A55FF2C81C1EE00459343 /* ProfileEditView.swift in Sources */,
				DDF2A02D2C846927001B1DB7 /* AddFriendViewModel.swift in Sources */,
				DD0CE9EE2C935838008B5A68 /* HeaderView.swift in Sources */,
				DDE309122C9CB54F003ED62D /* RequestMyQuestionViewModel.swift in Sources */,
				DDF2A0272C842978001B1DB7 /* UserProfileViewModel.swift in Sources */,
				4F83D3302C8556570076AE2A /* FriendReputationRequestCell.swift in Sources */,
				DD9470F92C899058009BF95E /* QuestionListCell.swift in Sources */,
				DDF2A0202C80A072001B1DB7 /* AnswerModel.swift in Sources */,
				DDE3090C2C9BCBA6003ED62D /* AddNewQuestionCell.swift in Sources */,
				DDF2A0292C843986001B1DB7 /* AddFriendViewController.swift in Sources */,
				4FFD99B92C9BC6B90029B643 /* AnswerListViewModel.swift in Sources */,
				4F63D7292C8A917000B0F65C /* FriendRequestCell.swift in Sources */,
				DA59CFE92C9BAE9F0052D050 /* MyPageInfoView.swift in Sources */,
				DA59CFE02C93F0490052D050 /* MyPageView.swift in Sources */,
				DDCF93232C7D8C8B005DB62F /* QuestionModel.swift in Sources */,
				DA59CFE42C93F0840052D050 /* myPageCell.swift in Sources */,
				4F63D7272C8A913E00B0F65C /* ReceivedRequestCell.swift in Sources */,
				DDE309062C997B3A003ED62D /* CustomQuestionViewModel.swift in Sources */,
				4F1E88682C8E99B300F09A36 /* AcceptRequestViewModel.swift in Sources */,
				4F83D3412C85A4680076AE2A /* KakaoLoginService.swift in Sources */,
				DDE043552C773E3500DA099A /* AppDelegate.swift in Sources */,
				4F63D7252C8A912700B0F65C /* MyRequestsCell.swift in Sources */,
				DD9471002C8A89D6009BF95E /* BaseView.swift in Sources */,
				DDF2A0222C80A084001B1DB7 /* ReputationModel.swift in Sources */,
				DD94710D2C8C49C3009BF95E /* MainQuestionViewModel.swift in Sources */,
				DD9470F02C885D8B009BF95E /* Protocol.swift in Sources */,
				DD0CE9EC2C9330AE008B5A68 /* CustomQuestionCell.swift in Sources */,
				DD9470F62C898FD6009BF95E /* TotalQuestionViewModel.swift in Sources */,
				4F83D3322C8559470076AE2A /* SectionHeaderView.swift in Sources */,
				DDE309102C9CAA8A003ED62D /* RequestMyQuestionView.swift in Sources */,
				DDCF923E2C78554B005DB62F /* TotalQuestionController.swift in Sources */,
				DDCF923E2C78554B005DB62F /* TotalQuestionController.swift in Sources */,
				4F4EDB262C958B9E00BFF74F /* ReadAnserController.swift in Sources */,
				DAF0843F2CAB72AE0039D2A3 /* FirebaseFcmManger.swift in Sources */,
				DA3A56132C8A967C00459343 /* TTest.swift in Sources */,
				4FEB36982C7F07120066998E /* AppleLoginService.swift in Sources */,
				DD9470FA2C899058009BF95E /* TotalQuestionView.swift in Sources */,
				DDCF923E2C78554B005DB62F /* TotalQuestionController.swift in Sources */,
				DD0CE9EA2C9330A1008B5A68 /* QuestionCell.swift in Sources */,
				DD94710F2C8C5F50009BF95E /* TypeQuestionController.swift in Sources */,
				DDF2A02B2C843CF8001B1DB7 /* AddFriendView.swift in Sources */,
				DD9471112C8C5F7B009BF95E /* TypeQuestionView.swift in Sources */,
				DA3A560C2C868BA700459343 /* ProfileTableViewController.swift in Sources */,
				4F4EDB2A2C997DAA00BFF74F /* AnswerListController.swift in Sources */,
				DD9470FE2C8A834D009BF95E /* ReferenceView.swift in Sources */,
				DA3A560E2C868BCC00459343 /* profileEditCell.swift in Sources */,
				DDCF92422C78557D005DB62F /* LoginController.swift in Sources */,
				4F83D31D2C7F14A60076AE2A /* RequiredInformationView.swift in Sources */,
				4F4877CF2C9C2D6B0060C1B7 /* ReadAnswerViewModel.swift in Sources */,
				DA3A56012C84B95100459343 /* ProfileEditViewModel.swift in Sources */,
				DDCF92402C78556C005DB62F /* FriendListController.swift in Sources */,
				DD94711C2C8D7522009BF95E /* ReputaionViewModel.swift in Sources */,
				DD9470FC2C8A82D9009BF95E /* ReferenceCheckController.swift in Sources */,
				DDCF923A2C7854E8005DB62F /* MainPageController.swift in Sources */,
				DA59CFEB2C9BAED80052D050 /* MyPageInfoController.swift in Sources */,
				DD9470EE2C882F68009BF95E /* BaseViewController.swift in Sources */,
				4F4877CD2C9C2A2E0060C1B7 /* QandACell.swift in Sources */,
				4F4877D12C9D359E0060C1B7 /* ReputationReviewView.swift in Sources */,
				DDCF93292C7E09ED005DB62F /* FriendListView.swift in Sources */,
				DA3A560A2C855BC400459343 /* ProfileUIView.swift in Sources */,
				DDE309162C9CCD0F003ED62D /* AddPresetCell.swift in Sources */,
				4F63D7212C8A8CF500B0F65C /* ReputaionController.swift in Sources */,
				4FEB36952C7EC9240066998E /* LoginView.swift in Sources */,
				DD0CE9E42C92CD5D008B5A68 /* CustomQuestionController.swift in Sources */,
				DA3A55F72C7F144500459343 /* ProfileViewModel.swift in Sources */,
				4FDF00162C91AE5B000B7873 /* DefalutCell.swift in Sources */,
				DDCF923C2C78552C005DB62F /* ProfileController.swift in Sources */,
				DD0CE9E82C933091008B5A68 /* BannerCell.swift in Sources */,
				DDCF93212C7D8C6D005DB62F /* UserModel.swift in Sources */,
				4FDF00182C92704E000B7873 /* ReplyController.swift in Sources */,
				4FDF001C2C927270000B7873 /* ReplyView.swift in Sources */,
				DDF2A01C2C8031F8001B1DB7 /* ProfileView.swift in Sources */,
				4FDF001A2C9270D8000B7873 /* AnswerController.swift in Sources */,
				DD9471132C8C8D48009BF95E /* TypeQuestionViewModel.swift in Sources */,
				DDE309142C9CC40E003ED62D /* RequestMyQuestionCell.swift in Sources */,
				DA59CFED2C9BAF630052D050 /* MypageInfoCell.swift in Sources */,
				DDCF93272C7DD3AA005DB62F /* MainPageView.swift in Sources */,
			);
			runOnlyForDeploymentPostprocessing = 0;
		};
		DDE043632C773E3700DA099A /* Sources */ = {
			isa = PBXSourcesBuildPhase;
			buildActionMask = 2147483647;
			files = (
				DDE0436C2C773E3700DA099A /* matnamanaTests.swift in Sources */,
			);
			runOnlyForDeploymentPostprocessing = 0;
		};
		DDE0436D2C773E3700DA099A /* Sources */ = {
			isa = PBXSourcesBuildPhase;
			buildActionMask = 2147483647;
			files = (
				DDE043762C773E3700DA099A /* matnamanaUITests.swift in Sources */,
				DDE043782C773E3700DA099A /* matnamanaUITestsLaunchTests.swift in Sources */,
			);
			runOnlyForDeploymentPostprocessing = 0;
		};
/* End PBXSourcesBuildPhase section */

/* Begin PBXTargetDependency section */
		DDE043692C773E3700DA099A /* PBXTargetDependency */ = {
			isa = PBXTargetDependency;
			target = DDE043502C773E3500DA099A /* matnamana */;
			targetProxy = DDE043682C773E3700DA099A /* PBXContainerItemProxy */;
		};
		DDE043732C773E3700DA099A /* PBXTargetDependency */ = {
			isa = PBXTargetDependency;
			target = DDE043502C773E3500DA099A /* matnamana */;
			targetProxy = DDE043722C773E3700DA099A /* PBXContainerItemProxy */;
		};
/* End PBXTargetDependency section */

/* Begin XCBuildConfiguration section */
		DDE043792C773E3700DA099A /* Debug */ = {
			isa = XCBuildConfiguration;
			buildSettings = {
				ALWAYS_SEARCH_USER_PATHS = NO;
				ASSETCATALOG_COMPILER_GENERATE_SWIFT_ASSET_SYMBOL_EXTENSIONS = YES;
				CLANG_ANALYZER_NONNULL = YES;
				CLANG_ANALYZER_NUMBER_OBJECT_CONVERSION = YES_AGGRESSIVE;
				CLANG_CXX_LANGUAGE_STANDARD = "gnu++20";
				CLANG_ENABLE_MODULES = YES;
				CLANG_ENABLE_OBJC_ARC = YES;
				CLANG_ENABLE_OBJC_WEAK = YES;
				CLANG_WARN_BLOCK_CAPTURE_AUTORELEASING = YES;
				CLANG_WARN_BOOL_CONVERSION = YES;
				CLANG_WARN_COMMA = YES;
				CLANG_WARN_CONSTANT_CONVERSION = YES;
				CLANG_WARN_DEPRECATED_OBJC_IMPLEMENTATIONS = YES;
				CLANG_WARN_DIRECT_OBJC_ISA_USAGE = YES_ERROR;
				CLANG_WARN_DOCUMENTATION_COMMENTS = YES;
				CLANG_WARN_EMPTY_BODY = YES;
				CLANG_WARN_ENUM_CONVERSION = YES;
				CLANG_WARN_INFINITE_RECURSION = YES;
				CLANG_WARN_INT_CONVERSION = YES;
				CLANG_WARN_NON_LITERAL_NULL_CONVERSION = YES;
				CLANG_WARN_OBJC_IMPLICIT_RETAIN_SELF = YES;
				CLANG_WARN_OBJC_LITERAL_CONVERSION = YES;
				CLANG_WARN_OBJC_ROOT_CLASS = YES_ERROR;
				CLANG_WARN_QUOTED_INCLUDE_IN_FRAMEWORK_HEADER = YES;
				CLANG_WARN_RANGE_LOOP_ANALYSIS = YES;
				CLANG_WARN_STRICT_PROTOTYPES = YES;
				CLANG_WARN_SUSPICIOUS_MOVE = YES;
				CLANG_WARN_UNGUARDED_AVAILABILITY = YES_AGGRESSIVE;
				CLANG_WARN_UNREACHABLE_CODE = YES;
				CLANG_WARN__DUPLICATE_METHOD_MATCH = YES;
				COPY_PHASE_STRIP = NO;
				DEBUG_INFORMATION_FORMAT = dwarf;
				ENABLE_STRICT_OBJC_MSGSEND = YES;
				ENABLE_TESTABILITY = YES;
				ENABLE_USER_SCRIPT_SANDBOXING = YES;
				GCC_C_LANGUAGE_STANDARD = gnu17;
				GCC_DYNAMIC_NO_PIC = NO;
				GCC_NO_COMMON_BLOCKS = YES;
				GCC_OPTIMIZATION_LEVEL = 0;
				GCC_PREPROCESSOR_DEFINITIONS = (
					"DEBUG=1",
					"$(inherited)",
				);
				GCC_WARN_64_TO_32_BIT_CONVERSION = YES;
				GCC_WARN_ABOUT_RETURN_TYPE = YES_ERROR;
				GCC_WARN_UNDECLARED_SELECTOR = YES;
				GCC_WARN_UNINITIALIZED_AUTOS = YES_AGGRESSIVE;
				GCC_WARN_UNUSED_FUNCTION = YES;
				GCC_WARN_UNUSED_VARIABLE = YES;
				IPHONEOS_DEPLOYMENT_TARGET = 17.5;
				LOCALIZATION_PREFERS_STRING_CATALOGS = YES;
				MTL_ENABLE_DEBUG_INFO = INCLUDE_SOURCE;
				MTL_FAST_MATH = YES;
				ONLY_ACTIVE_ARCH = YES;
				SDKROOT = iphoneos;
				SWIFT_ACTIVE_COMPILATION_CONDITIONS = "DEBUG $(inherited)";
				SWIFT_OPTIMIZATION_LEVEL = "-Onone";
			};
			name = Debug;
		};
		DDE0437A2C773E3700DA099A /* Release */ = {
			isa = XCBuildConfiguration;
			buildSettings = {
				ALWAYS_SEARCH_USER_PATHS = NO;
				ASSETCATALOG_COMPILER_GENERATE_SWIFT_ASSET_SYMBOL_EXTENSIONS = YES;
				CLANG_ANALYZER_NONNULL = YES;
				CLANG_ANALYZER_NUMBER_OBJECT_CONVERSION = YES_AGGRESSIVE;
				CLANG_CXX_LANGUAGE_STANDARD = "gnu++20";
				CLANG_ENABLE_MODULES = YES;
				CLANG_ENABLE_OBJC_ARC = YES;
				CLANG_ENABLE_OBJC_WEAK = YES;
				CLANG_WARN_BLOCK_CAPTURE_AUTORELEASING = YES;
				CLANG_WARN_BOOL_CONVERSION = YES;
				CLANG_WARN_COMMA = YES;
				CLANG_WARN_CONSTANT_CONVERSION = YES;
				CLANG_WARN_DEPRECATED_OBJC_IMPLEMENTATIONS = YES;
				CLANG_WARN_DIRECT_OBJC_ISA_USAGE = YES_ERROR;
				CLANG_WARN_DOCUMENTATION_COMMENTS = YES;
				CLANG_WARN_EMPTY_BODY = YES;
				CLANG_WARN_ENUM_CONVERSION = YES;
				CLANG_WARN_INFINITE_RECURSION = YES;
				CLANG_WARN_INT_CONVERSION = YES;
				CLANG_WARN_NON_LITERAL_NULL_CONVERSION = YES;
				CLANG_WARN_OBJC_IMPLICIT_RETAIN_SELF = YES;
				CLANG_WARN_OBJC_LITERAL_CONVERSION = YES;
				CLANG_WARN_OBJC_ROOT_CLASS = YES_ERROR;
				CLANG_WARN_QUOTED_INCLUDE_IN_FRAMEWORK_HEADER = YES;
				CLANG_WARN_RANGE_LOOP_ANALYSIS = YES;
				CLANG_WARN_STRICT_PROTOTYPES = YES;
				CLANG_WARN_SUSPICIOUS_MOVE = YES;
				CLANG_WARN_UNGUARDED_AVAILABILITY = YES_AGGRESSIVE;
				CLANG_WARN_UNREACHABLE_CODE = YES;
				CLANG_WARN__DUPLICATE_METHOD_MATCH = YES;
				COPY_PHASE_STRIP = NO;
				DEBUG_INFORMATION_FORMAT = "dwarf-with-dsym";
				ENABLE_NS_ASSERTIONS = NO;
				ENABLE_STRICT_OBJC_MSGSEND = YES;
				ENABLE_USER_SCRIPT_SANDBOXING = YES;
				GCC_C_LANGUAGE_STANDARD = gnu17;
				GCC_NO_COMMON_BLOCKS = YES;
				GCC_WARN_64_TO_32_BIT_CONVERSION = YES;
				GCC_WARN_ABOUT_RETURN_TYPE = YES_ERROR;
				GCC_WARN_UNDECLARED_SELECTOR = YES;
				GCC_WARN_UNINITIALIZED_AUTOS = YES_AGGRESSIVE;
				GCC_WARN_UNUSED_FUNCTION = YES;
				GCC_WARN_UNUSED_VARIABLE = YES;
				IPHONEOS_DEPLOYMENT_TARGET = 17.5;
				LOCALIZATION_PREFERS_STRING_CATALOGS = YES;
				MTL_ENABLE_DEBUG_INFO = NO;
				MTL_FAST_MATH = YES;
				SDKROOT = iphoneos;
				SWIFT_COMPILATION_MODE = wholemodule;
				VALIDATE_PRODUCT = YES;
			};
			name = Release;
		};
		DDE0437C2C773E3700DA099A /* Debug */ = {
			isa = XCBuildConfiguration;
			buildSettings = {
				ASSETCATALOG_COMPILER_APPICON_NAME = AppIcon;
				ASSETCATALOG_COMPILER_GLOBAL_ACCENT_COLOR_NAME = AccentColor;
				CODE_SIGN_ENTITLEMENTS = matnamana/matnamana.entitlements;
				"CODE_SIGN_IDENTITY[sdk=iphoneos*]" = "iPhone Developer";
				CODE_SIGN_STYLE = Manual;
				CURRENT_PROJECT_VERSION = 1;
				DEVELOPMENT_TEAM = "";
				"DEVELOPMENT_TEAM[sdk=iphoneos*]" = N7NLN3LS82;
				GENERATE_INFOPLIST_FILE = YES;
				INFOPLIST_FILE = matnamana/Info.plist;
				INFOPLIST_KEY_UIApplicationSupportsIndirectInputEvents = YES;
				INFOPLIST_KEY_UILaunchStoryboardName = MatnamanaLaunchScreen;
				INFOPLIST_KEY_UISupportedInterfaceOrientations = UIInterfaceOrientationPortrait;
				INFOPLIST_KEY_UIUserInterfaceStyle = Light;
				IPHONEOS_DEPLOYMENT_TARGET = 15.6;
				LD_RUNPATH_SEARCH_PATHS = (
					"$(inherited)",
					"@executable_path/Frameworks",
				);
				MARKETING_VERSION = 1.0;
				PRODUCT_BUNDLE_IDENTIFIER = com.revble.matnamana;
				PRODUCT_NAME = "$(TARGET_NAME)";
				PROVISIONING_PROFILE_SPECIFIER = "";
				"PROVISIONING_PROFILE_SPECIFIER[sdk=iphoneos*]" = matnamanaDevelopment;
				SUPPORTED_PLATFORMS = "iphoneos iphonesimulator";
				SUPPORTS_MACCATALYST = NO;
				SUPPORTS_MAC_DESIGNED_FOR_IPHONE_IPAD = NO;
				SUPPORTS_XR_DESIGNED_FOR_IPHONE_IPAD = NO;
				SWIFT_EMIT_LOC_STRINGS = YES;
				SWIFT_VERSION = 5.0;
				TARGETED_DEVICE_FAMILY = 1;
			};
			name = Debug;
		};
		DDE0437D2C773E3700DA099A /* Release */ = {
			isa = XCBuildConfiguration;
			buildSettings = {
				ASSETCATALOG_COMPILER_APPICON_NAME = AppIcon;
				ASSETCATALOG_COMPILER_GLOBAL_ACCENT_COLOR_NAME = AccentColor;
				CODE_SIGN_ENTITLEMENTS = matnamana/matnamana.entitlements;
				CODE_SIGN_IDENTITY = "Apple Development";
				"CODE_SIGN_IDENTITY[sdk=iphoneos*]" = "iPhone Developer";
				CODE_SIGN_STYLE = Manual;
				CURRENT_PROJECT_VERSION = 1;
				DEVELOPMENT_TEAM = "";
				"DEVELOPMENT_TEAM[sdk=iphoneos*]" = N7NLN3LS82;
				GENERATE_INFOPLIST_FILE = YES;
				INFOPLIST_FILE = matnamana/Info.plist;
				INFOPLIST_KEY_UIApplicationSupportsIndirectInputEvents = YES;
				INFOPLIST_KEY_UILaunchStoryboardName = MatnamanaLaunchScreen;
				INFOPLIST_KEY_UISupportedInterfaceOrientations = UIInterfaceOrientationPortrait;
				INFOPLIST_KEY_UIUserInterfaceStyle = Light;
				IPHONEOS_DEPLOYMENT_TARGET = 15.6;
				LD_RUNPATH_SEARCH_PATHS = (
					"$(inherited)",
					"@executable_path/Frameworks",
				);
				MARKETING_VERSION = 1.0;
				PRODUCT_BUNDLE_IDENTIFIER = com.revble.matnamana;
				PRODUCT_NAME = "$(TARGET_NAME)";
				PROVISIONING_PROFILE_SPECIFIER = "";
				"PROVISIONING_PROFILE_SPECIFIER[sdk=iphoneos*]" = matnamanaDevelopment;
				SUPPORTED_PLATFORMS = "iphoneos iphonesimulator";
				SUPPORTS_MACCATALYST = NO;
				SUPPORTS_MAC_DESIGNED_FOR_IPHONE_IPAD = NO;
				SUPPORTS_XR_DESIGNED_FOR_IPHONE_IPAD = NO;
				SWIFT_EMIT_LOC_STRINGS = YES;
				SWIFT_VERSION = 5.0;
				TARGETED_DEVICE_FAMILY = 1;
			};
			name = Release;
		};
		DDE0437F2C773E3700DA099A /* Debug */ = {
			isa = XCBuildConfiguration;
			buildSettings = {
				ALWAYS_EMBED_SWIFT_STANDARD_LIBRARIES = YES;
				BUNDLE_LOADER = "$(TEST_HOST)";
				CODE_SIGN_STYLE = Manual;
				CURRENT_PROJECT_VERSION = 1;
				DEVELOPMENT_TEAM = "";
				GENERATE_INFOPLIST_FILE = YES;
				IPHONEOS_DEPLOYMENT_TARGET = 17.5;
				MARKETING_VERSION = 1.0;
				PRODUCT_BUNDLE_IDENTIFIER = com.matnamanaTests;
				PRODUCT_NAME = "$(TARGET_NAME)";
				PROVISIONING_PROFILE_SPECIFIER = "";
				SWIFT_EMIT_LOC_STRINGS = NO;
				SWIFT_VERSION = 5.0;
				TARGETED_DEVICE_FAMILY = "1,2";
				TEST_HOST = "$(BUILT_PRODUCTS_DIR)/matnamana.app/$(BUNDLE_EXECUTABLE_FOLDER_PATH)/matnamana";
			};
			name = Debug;
		};
		DDE043802C773E3700DA099A /* Release */ = {
			isa = XCBuildConfiguration;
			buildSettings = {
				ALWAYS_EMBED_SWIFT_STANDARD_LIBRARIES = YES;
				BUNDLE_LOADER = "$(TEST_HOST)";
				CODE_SIGN_STYLE = Automatic;
				CURRENT_PROJECT_VERSION = 1;
				DEVELOPMENT_TEAM = B6QMD2854G;
				GENERATE_INFOPLIST_FILE = YES;
				IPHONEOS_DEPLOYMENT_TARGET = 17.5;
				MARKETING_VERSION = 1.0;
				PRODUCT_BUNDLE_IDENTIFIER = com.matnamanaTests;
				PRODUCT_NAME = "$(TARGET_NAME)";
				SWIFT_EMIT_LOC_STRINGS = NO;
				SWIFT_VERSION = 5.0;
				TARGETED_DEVICE_FAMILY = "1,2";
				TEST_HOST = "$(BUILT_PRODUCTS_DIR)/matnamana.app/$(BUNDLE_EXECUTABLE_FOLDER_PATH)/matnamana";
			};
			name = Release;
		};
		DDE043822C773E3700DA099A /* Debug */ = {
			isa = XCBuildConfiguration;
			buildSettings = {
				ALWAYS_EMBED_SWIFT_STANDARD_LIBRARIES = YES;
				CODE_SIGN_STYLE = Automatic;
				CURRENT_PROJECT_VERSION = 1;
				DEVELOPMENT_TEAM = B6QMD2854G;
				GENERATE_INFOPLIST_FILE = YES;
				MARKETING_VERSION = 1.0;
				PRODUCT_BUNDLE_IDENTIFIER = com.matnamanaUITests;
				PRODUCT_NAME = "$(TARGET_NAME)";
				SWIFT_EMIT_LOC_STRINGS = NO;
				SWIFT_VERSION = 5.0;
				TARGETED_DEVICE_FAMILY = "1,2";
				TEST_TARGET_NAME = matnamana;
			};
			name = Debug;
		};
		DDE043832C773E3700DA099A /* Release */ = {
			isa = XCBuildConfiguration;
			buildSettings = {
				ALWAYS_EMBED_SWIFT_STANDARD_LIBRARIES = YES;
				CODE_SIGN_STYLE = Automatic;
				CURRENT_PROJECT_VERSION = 1;
				DEVELOPMENT_TEAM = B6QMD2854G;
				GENERATE_INFOPLIST_FILE = YES;
				MARKETING_VERSION = 1.0;
				PRODUCT_BUNDLE_IDENTIFIER = com.matnamanaUITests;
				PRODUCT_NAME = "$(TARGET_NAME)";
				SWIFT_EMIT_LOC_STRINGS = NO;
				SWIFT_VERSION = 5.0;
				TARGETED_DEVICE_FAMILY = "1,2";
				TEST_TARGET_NAME = matnamana;
			};
			name = Release;
		};
/* End XCBuildConfiguration section */

/* Begin XCConfigurationList section */
		DDE0434C2C773E3500DA099A /* Build configuration list for PBXProject "matnamana" */ = {
			isa = XCConfigurationList;
			buildConfigurations = (
				DDE043792C773E3700DA099A /* Debug */,
				DDE0437A2C773E3700DA099A /* Release */,
			);
			defaultConfigurationIsVisible = 0;
			defaultConfigurationName = Release;
		};
		DDE0437B2C773E3700DA099A /* Build configuration list for PBXNativeTarget "matnamana" */ = {
			isa = XCConfigurationList;
			buildConfigurations = (
				DDE0437C2C773E3700DA099A /* Debug */,
				DDE0437D2C773E3700DA099A /* Release */,
			);
			defaultConfigurationIsVisible = 0;
			defaultConfigurationName = Release;
		};
		DDE0437E2C773E3700DA099A /* Build configuration list for PBXNativeTarget "matnamanaTests" */ = {
			isa = XCConfigurationList;
			buildConfigurations = (
				DDE0437F2C773E3700DA099A /* Debug */,
				DDE043802C773E3700DA099A /* Release */,
			);
			defaultConfigurationIsVisible = 0;
			defaultConfigurationName = Release;
		};
		DDE043812C773E3700DA099A /* Build configuration list for PBXNativeTarget "matnamanaUITests" */ = {
			isa = XCConfigurationList;
			buildConfigurations = (
				DDE043822C773E3700DA099A /* Debug */,
				DDE043832C773E3700DA099A /* Release */,
			);
			defaultConfigurationIsVisible = 0;
			defaultConfigurationName = Release;
		};
/* End XCConfigurationList section */

/* Begin XCRemoteSwiftPackageReference section */
		4F83D3202C80CCC00076AE2A /* XCRemoteSwiftPackageReference "Then" */ = {
			isa = XCRemoteSwiftPackageReference;
			repositoryURL = "https://github.com/devxoul/Then.git";
			requirement = {
				kind = upToNextMajorVersion;
				minimumVersion = 3.0.0;
			};
		};
		4F83D3332C85763D0076AE2A /* XCRemoteSwiftPackageReference "RxDataSources" */ = {
			isa = XCRemoteSwiftPackageReference;
			repositoryURL = "https://github.com/RxSwiftCommunity/RxDataSources.git";
			requirement = {
				kind = upToNextMajorVersion;
				minimumVersion = 5.0.2;
			};
		};
		4F83D3382C859A180076AE2A /* XCRemoteSwiftPackageReference "KakaoMapsSDK-SPM" */ = {
			isa = XCRemoteSwiftPackageReference;
			repositoryURL = "https://github.com/kakao-mapsSDK/KakaoMapsSDK-SPM.git";
			requirement = {
				kind = upToNextMajorVersion;
				minimumVersion = 2.10.5;
			};
		};
		4F83D33B2C85A0E80076AE2A /* XCRemoteSwiftPackageReference "kakao-ios-sdk" */ = {
			isa = XCRemoteSwiftPackageReference;
			repositoryURL = "https://github.com/kakao/kakao-ios-sdk.git";
			requirement = {
				kind = upToNextMajorVersion;
				minimumVersion = 2.22.6;
			};
		};
		DA3A56022C85464900459343 /* XCRemoteSwiftPackageReference "RxKeyboard" */ = {
			isa = XCRemoteSwiftPackageReference;
			repositoryURL = "https://github.com/RxSwiftCommunity/RxKeyboard.git";
			requirement = {
				kind = upToNextMajorVersion;
				minimumVersion = 2.0.1;
			};
		};
		DDCF92432C785824005DB62F /* XCRemoteSwiftPackageReference "RxSwift" */ = {
			isa = XCRemoteSwiftPackageReference;
			repositoryURL = "https://github.com/ReactiveX/RxSwift";
			requirement = {
				kind = upToNextMajorVersion;
				minimumVersion = 6.7.1;
			};
		};
		DDCF92442C785837005DB62F /* XCRemoteSwiftPackageReference "SnapKit" */ = {
			isa = XCRemoteSwiftPackageReference;
			repositoryURL = "https://github.com/SnapKit/SnapKit.git";
			requirement = {
				kind = upToNextMajorVersion;
				minimumVersion = 5.7.1;
			};
		};
		DDCF924E2C785884005DB62F /* XCRemoteSwiftPackageReference "Kingfisher" */ = {
			isa = XCRemoteSwiftPackageReference;
			repositoryURL = "https://github.com/onevcat/Kingfisher";
			requirement = {
				kind = upToNextMajorVersion;
				minimumVersion = 7.12.0;
			};
		};
		DDCF92BD2C7C7F8E005DB62F /* XCRemoteSwiftPackageReference "firebase-ios-sdk" */ = {
			isa = XCRemoteSwiftPackageReference;
			repositoryURL = "https://github.com/firebase/firebase-ios-sdk";
			requirement = {
				kind = upToNextMajorVersion;
				minimumVersion = 11.1.0;
			};
		};
		DDF2A02E2C84B35C001B1DB7 /* XCRemoteSwiftPackageReference "Then" */ = {
			isa = XCRemoteSwiftPackageReference;
			repositoryURL = "https://github.com/devxoul/Then";
			requirement = {
				kind = upToNextMajorVersion;
				minimumVersion = 3.0.0;
			};
		};
/* End XCRemoteSwiftPackageReference section */

/* Begin XCSwiftPackageProductDependency section */
		4F83D3212C80CCD40076AE2A /* Then */ = {
			isa = XCSwiftPackageProductDependency;
			package = 4F83D3202C80CCC00076AE2A /* XCRemoteSwiftPackageReference "Then" */;
			productName = Then;
		};
		4F83D3342C85763D0076AE2A /* RxDataSources */ = {
			isa = XCSwiftPackageProductDependency;
			package = 4F83D3332C85763D0076AE2A /* XCRemoteSwiftPackageReference "RxDataSources" */;
			productName = RxDataSources;
		};
		4F83D33C2C85A0E80076AE2A /* KakaoSDKAuth */ = {
			isa = XCSwiftPackageProductDependency;
			package = 4F83D33B2C85A0E80076AE2A /* XCRemoteSwiftPackageReference "kakao-ios-sdk" */;
			productName = KakaoSDKAuth;
		};
		4F83D33E2C85A27D0076AE2A /* KakaoSDK */ = {
			isa = XCSwiftPackageProductDependency;
			package = 4F83D33B2C85A0E80076AE2A /* XCRemoteSwiftPackageReference "kakao-ios-sdk" */;
			productName = KakaoSDK;
		};
		DA3A55F82C802EA800459343 /* FirebaseStorage */ = {
			isa = XCSwiftPackageProductDependency;
			package = DDCF92BD2C7C7F8E005DB62F /* XCRemoteSwiftPackageReference "firebase-ios-sdk" */;
			productName = FirebaseStorage;
		};
		DA3A55FA2C802EA800459343 /* FirebaseStorageCombine-Community */ = {
			isa = XCSwiftPackageProductDependency;
			package = DDCF92BD2C7C7F8E005DB62F /* XCRemoteSwiftPackageReference "firebase-ios-sdk" */;
			productName = "FirebaseStorageCombine-Community";
		};
		DA3A560F2C881AF900459343 /* RxKeyboard */ = {
			isa = XCSwiftPackageProductDependency;
			package = DA3A56022C85464900459343 /* XCRemoteSwiftPackageReference "RxKeyboard" */;
			productName = RxKeyboard;
		};
		DAF0843C2CAB3E900039D2A3 /* FirebaseMessaging */ = {
			isa = XCSwiftPackageProductDependency;
			productName = FirebaseMessaging;
		};
		DDCF92452C785837005DB62F /* SnapKit */ = {
			isa = XCSwiftPackageProductDependency;
			package = DDCF92442C785837005DB62F /* XCRemoteSwiftPackageReference "SnapKit" */;
			productName = SnapKit;
		};
		DDCF92482C78583D005DB62F /* RxCocoa */ = {
			isa = XCSwiftPackageProductDependency;
			package = DDCF92432C785824005DB62F /* XCRemoteSwiftPackageReference "RxSwift" */;
			productName = RxCocoa;
		};
		DDCF924A2C785841005DB62F /* RxSwift */ = {
			isa = XCSwiftPackageProductDependency;
			package = DDCF92432C785824005DB62F /* XCRemoteSwiftPackageReference "RxSwift" */;
			productName = RxSwift;
		};
		DDCF924C2C785846005DB62F /* RxRelay */ = {
			isa = XCSwiftPackageProductDependency;
			package = DDCF92432C785824005DB62F /* XCRemoteSwiftPackageReference "RxSwift" */;
			productName = RxRelay;
		};
		DDCF924F2C785884005DB62F /* Kingfisher */ = {
			isa = XCSwiftPackageProductDependency;
			package = DDCF924E2C785884005DB62F /* XCRemoteSwiftPackageReference "Kingfisher" */;
			productName = Kingfisher;
		};
		DDCF92BE2C7C7F8E005DB62F /* FirebaseAuth */ = {
			isa = XCSwiftPackageProductDependency;
			package = DDCF92BD2C7C7F8E005DB62F /* XCRemoteSwiftPackageReference "firebase-ios-sdk" */;
			productName = FirebaseAuth;
		};
		DDCF92C02C7C7F8E005DB62F /* FirebaseFirestore */ = {
			isa = XCSwiftPackageProductDependency;
			package = DDCF92BD2C7C7F8E005DB62F /* XCRemoteSwiftPackageReference "firebase-ios-sdk" */;
			productName = FirebaseFirestore;
		};
		DDCF92C22C7C7FA9005DB62F /* FirebaseFirestoreCombine-Community */ = {
			isa = XCSwiftPackageProductDependency;
			package = DDCF92BD2C7C7F8E005DB62F /* XCRemoteSwiftPackageReference "firebase-ios-sdk" */;
			productName = "FirebaseFirestoreCombine-Community";
		};
		DDCF92C42C7C7FB3005DB62F /* FirebaseAuthCombine-Community */ = {
			isa = XCSwiftPackageProductDependency;
			package = DDCF92BD2C7C7F8E005DB62F /* XCRemoteSwiftPackageReference "firebase-ios-sdk" */;
			productName = "FirebaseAuthCombine-Community";
		};
		DDF2A02F2C84B35D001B1DB7 /* Then */ = {
			isa = XCSwiftPackageProductDependency;
			package = DDF2A02E2C84B35C001B1DB7 /* XCRemoteSwiftPackageReference "Then" */;
			productName = Then;
		};
/* End XCSwiftPackageProductDependency section */

/* Begin XCVersionGroup section */
		DDE0435A2C773E3500DA099A /* matnamana.xcdatamodeld */ = {
			isa = XCVersionGroup;
			children = (
				DDE0435B2C773E3500DA099A /* matnamana.xcdatamodel */,
			);
			currentVersion = DDE0435B2C773E3500DA099A /* matnamana.xcdatamodel */;
			path = matnamana.xcdatamodeld;
			sourceTree = "<group>";
			versionGroupType = wrapper.xcdatamodel;
		};
/* End XCVersionGroup section */
	};
	rootObject = DDE043492C773E3500DA099A /* Project object */;
}
